// !$*UTF8*$!
{
	archiveVersion = 1;
	classes = {
	};
	objectVersion = 55;
	objects = {

/* Begin PBXBuildFile section */
		A90900822805CD3D00089CCA /* Const.swift in Sources */ = {isa = PBXBuildFile; fileRef = A90900812805CD3D00089CCA /* Const.swift */; };
		A90900842805CD4800089CCA /* URL.swift in Sources */ = {isa = PBXBuildFile; fileRef = A90900832805CD4800089CCA /* URL.swift */; };
		A90900862805CDAA00089CCA /* ViewController.swift in Sources */ = {isa = PBXBuildFile; fileRef = A90900852805CDAA00089CCA /* ViewController.swift */; };
		A90900882805CDB300089CCA /* Storyboard.swift in Sources */ = {isa = PBXBuildFile; fileRef = A90900872805CDB200089CCA /* Storyboard.swift */; };
		A909008C2807F40800089CCA /* Functions.swift in Sources */ = {isa = PBXBuildFile; fileRef = A909008B2807F40800089CCA /* Functions.swift */; };
		A909008E2809348000089CCA /* AlarmDetailResponse.swift in Sources */ = {isa = PBXBuildFile; fileRef = A909008D2809348000089CCA /* AlarmDetailResponse.swift */; };
		A90900902809358600089CCA /* AlarmDetailDataManager.swift in Sources */ = {isa = PBXBuildFile; fileRef = A909008F2809358600089CCA /* AlarmDetailDataManager.swift */; };
		A909009228093AEF00089CCA /* AlarmDetail.swift in Sources */ = {isa = PBXBuildFile; fileRef = A909009128093AEF00089CCA /* AlarmDetail.swift */; };
		A909009828095A9500089CCA /* AddAlarmDataManager.swift in Sources */ = {isa = PBXBuildFile; fileRef = A909009728095A9500089CCA /* AddAlarmDataManager.swift */; };
		A909009A28095AEC00089CCA /* AddAlarmResponse.swift in Sources */ = {isa = PBXBuildFile; fileRef = A909009928095AEC00089CCA /* AddAlarmResponse.swift */; };
		A909009C2809658300089CCA /* DeleteAlarmDataManager.swift in Sources */ = {isa = PBXBuildFile; fileRef = A909009B2809658300089CCA /* DeleteAlarmDataManager.swift */; };
		A90900A02809673400089CCA /* AlarmSwtichDataManager.swift in Sources */ = {isa = PBXBuildFile; fileRef = A909009F2809673400089CCA /* AlarmSwtichDataManager.swift */; };
		A90900A228096BCB00089CCA /* AlarmTestResponse.swift in Sources */ = {isa = PBXBuildFile; fileRef = A90900A128096BCB00089CCA /* AlarmTestResponse.swift */; };
		A90900A42809733000089CCA /* EditAlarmDataManager.swift in Sources */ = {isa = PBXBuildFile; fileRef = A90900A32809733000089CCA /* EditAlarmDataManager.swift */; };
		A90900A62809784000089CCA /* EditAlarmRequest.swift in Sources */ = {isa = PBXBuildFile; fileRef = A90900A52809784000089CCA /* EditAlarmRequest.swift */; };
		A90900A8280999CA00089CCA /* NoticeResponse.swift in Sources */ = {isa = PBXBuildFile; fileRef = A90900A7280999CA00089CCA /* NoticeResponse.swift */; };
		A90900AA280999DA00089CCA /* NoticeAPI.swift in Sources */ = {isa = PBXBuildFile; fileRef = A90900A9280999DA00089CCA /* NoticeAPI.swift */; };
		A92D82BC28215FFF00DB796E /* MealPlannerOneDayAPI.swift in Sources */ = {isa = PBXBuildFile; fileRef = A92D82BB28215FFF00DB796E /* MealPlannerOneDayAPI.swift */; };
		A92D82BE28224F9800DB796E /* Join.storyboard in Resources */ = {isa = PBXBuildFile; fileRef = A92D82BD28224F9800DB796E /* Join.storyboard */; };
		A92D82C22822514900DB796E /* LoginViewController.swift in Sources */ = {isa = PBXBuildFile; fileRef = A92D82C12822514900DB796E /* LoginViewController.swift */; };
		A92D82C4282252B800DB796E /* JoinViewController.swift in Sources */ = {isa = PBXBuildFile; fileRef = A92D82C3282252B800DB796E /* JoinViewController.swift */; };
		A932737B27F9C83D001B0EDB /* AppDelegate.swift in Sources */ = {isa = PBXBuildFile; fileRef = A932737A27F9C83D001B0EDB /* AppDelegate.swift */; };
		A932737D27F9C83D001B0EDB /* SceneDelegate.swift in Sources */ = {isa = PBXBuildFile; fileRef = A932737C27F9C83D001B0EDB /* SceneDelegate.swift */; };
		A932738227F9C83D001B0EDB /* Main.storyboard in Resources */ = {isa = PBXBuildFile; fileRef = A932738027F9C83D001B0EDB /* Main.storyboard */; };
		A932738427F9C83E001B0EDB /* Assets.xcassets in Resources */ = {isa = PBXBuildFile; fileRef = A932738327F9C83E001B0EDB /* Assets.xcassets */; };
		A932738727F9C83E001B0EDB /* LaunchScreen.storyboard in Resources */ = {isa = PBXBuildFile; fileRef = A932738527F9C83E001B0EDB /* LaunchScreen.storyboard */; };
		A932739527F9CE76001B0EDB /* Login.storyboard in Resources */ = {isa = PBXBuildFile; fileRef = A932739427F9CE76001B0EDB /* Login.storyboard */; };
		A932739927F9CEE6001B0EDB /* UIColor+.swift in Sources */ = {isa = PBXBuildFile; fileRef = A932739827F9CEE6001B0EDB /* UIColor+.swift */; };
		A932739B27F9CF31001B0EDB /* UIView+.swift in Sources */ = {isa = PBXBuildFile; fileRef = A932739A27F9CF31001B0EDB /* UIView+.swift */; };
		A932739D27F9D222001B0EDB /* AuthSelectViewController.swift in Sources */ = {isa = PBXBuildFile; fileRef = A932739C27F9D222001B0EDB /* AuthSelectViewController.swift */; };
		A932739F27F9D940001B0EDB /* UIFont+.swift in Sources */ = {isa = PBXBuildFile; fileRef = A932739E27F9D940001B0EDB /* UIFont+.swift */; };
		A93273A427F9DD1C001B0EDB /* MyPageViewController.swift in Sources */ = {isa = PBXBuildFile; fileRef = A93273A327F9DD1C001B0EDB /* MyPageViewController.swift */; };
		A93273A627F9E12E001B0EDB /* UIViewController+.swift in Sources */ = {isa = PBXBuildFile; fileRef = A93273A527F9E12E001B0EDB /* UIViewController+.swift */; };
		A93273A827F9E1CC001B0EDB /* CALayer+.swift in Sources */ = {isa = PBXBuildFile; fileRef = A93273A727F9E1CC001B0EDB /* CALayer+.swift */; };
		A93273B027F9E8BB001B0EDB /* MyPage.storyboard in Resources */ = {isa = PBXBuildFile; fileRef = A93273AF27F9E8BB001B0EDB /* MyPage.storyboard */; };
		A93273B227F9ED1E001B0EDB /* ProfileEditViewController.swift in Sources */ = {isa = PBXBuildFile; fileRef = A93273B127F9ED1E001B0EDB /* ProfileEditViewController.swift */; };
		A93273B427F9F6D2001B0EDB /* AddSchoolViewController.swift in Sources */ = {isa = PBXBuildFile; fileRef = A93273B327F9F6D2001B0EDB /* AddSchoolViewController.swift */; };
		A93273B627FB2D57001B0EDB /* String+.swift in Sources */ = {isa = PBXBuildFile; fileRef = A93273B527FB2D57001B0EDB /* String+.swift */; };
		A93273B827FB2D7B001B0EDB /* NSMutableAttributedString+.swift in Sources */ = {isa = PBXBuildFile; fileRef = A93273B727FB2D7B001B0EDB /* NSMutableAttributedString+.swift */; };
		A93273BB27FC1799001B0EDB /* Alarm.storyboard in Resources */ = {isa = PBXBuildFile; fileRef = A93273BA27FC1799001B0EDB /* Alarm.storyboard */; };
		A93273BD27FC180C001B0EDB /* AlarmViewController.swift in Sources */ = {isa = PBXBuildFile; fileRef = A93273BC27FC180C001B0EDB /* AlarmViewController.swift */; };
		A93273BF27FC1A82001B0EDB /* UITabBarController+.swift in Sources */ = {isa = PBXBuildFile; fileRef = A93273BE27FC1A82001B0EDB /* UITabBarController+.swift */; };
		A93273C127FC1AEF001B0EDB /* TabBarController.swift in Sources */ = {isa = PBXBuildFile; fileRef = A93273C027FC1AEF001B0EDB /* TabBarController.swift */; };
		A93273C427FC1DA3001B0EDB /* AlarmTableViewCell.swift in Sources */ = {isa = PBXBuildFile; fileRef = A93273C227FC1DA3001B0EDB /* AlarmTableViewCell.swift */; };
		A93273C527FC1DA3001B0EDB /* AlarmTableViewCell.xib in Resources */ = {isa = PBXBuildFile; fileRef = A93273C327FC1DA3001B0EDB /* AlarmTableViewCell.xib */; };
		A93273C727FC2457001B0EDB /* AddAlarmViewController.swift in Sources */ = {isa = PBXBuildFile; fileRef = A93273C627FC2457001B0EDB /* AddAlarmViewController.swift */; };
		A93273CA27FEBAA2001B0EDB /* Map.storyboard in Resources */ = {isa = PBXBuildFile; fileRef = A93273C927FEBAA2001B0EDB /* Map.storyboard */; };
		A93273CC27FEBD28001B0EDB /* MapViewController.swift in Sources */ = {isa = PBXBuildFile; fileRef = A93273CB27FEBD28001B0EDB /* MapViewController.swift */; };
		A93273D127FEC7B0001B0EDB /* Home.storyboard in Resources */ = {isa = PBXBuildFile; fileRef = A93273D027FEC7B0001B0EDB /* Home.storyboard */; };
		A93273D327FEC7E2001B0EDB /* HomeViewController.swift in Sources */ = {isa = PBXBuildFile; fileRef = A93273D227FEC7E2001B0EDB /* HomeViewController.swift */; };
		A93273D527FECB4A001B0EDB /* NoticeViewController.swift in Sources */ = {isa = PBXBuildFile; fileRef = A93273D427FECB4A001B0EDB /* NoticeViewController.swift */; };
		A93273DE27FED1B7001B0EDB /* TimeTableCollectionViewCell.swift in Sources */ = {isa = PBXBuildFile; fileRef = A93273DC27FED1B7001B0EDB /* TimeTableCollectionViewCell.swift */; };
		A93273DF27FED1B7001B0EDB /* TimeTableCollectionViewCell.xib in Resources */ = {isa = PBXBuildFile; fileRef = A93273DD27FED1B7001B0EDB /* TimeTableCollectionViewCell.xib */; };
		A93273E327FEEA0E001B0EDB /* NoticeCollectionViewCell.swift in Sources */ = {isa = PBXBuildFile; fileRef = A93273E127FEEA0E001B0EDB /* NoticeCollectionViewCell.swift */; };
		A93273E427FEEA0E001B0EDB /* NoticeCollectionViewCell.xib in Resources */ = {isa = PBXBuildFile; fileRef = A93273E227FEEA0E001B0EDB /* NoticeCollectionViewCell.xib */; };
		A93273E727FEEC27001B0EDB /* MealPlannerViewController.swift in Sources */ = {isa = PBXBuildFile; fileRef = A93273E627FEEC27001B0EDB /* MealPlannerViewController.swift */; };
		A93273EA27FEEC5D001B0EDB /* TimeTableViewController.swift in Sources */ = {isa = PBXBuildFile; fileRef = A93273E927FEEC5D001B0EDB /* TimeTableViewController.swift */; };
		A932749B280315E7001B0EDB /* AlarmResponse.swift in Sources */ = {isa = PBXBuildFile; fileRef = A932749A280315E7001B0EDB /* AlarmResponse.swift */; };
		A932749D28031604001B0EDB /* AlarmDataManager.swift in Sources */ = {isa = PBXBuildFile; fileRef = A932749C28031604001B0EDB /* AlarmDataManager.swift */; };
		A932749F2803FD50001B0EDB /* Notice.storyboard in Resources */ = {isa = PBXBuildFile; fileRef = A932749E2803FD50001B0EDB /* Notice.storyboard */; };
		A93274A12804007B001B0EDB /* MealPlanner.storyboard in Resources */ = {isa = PBXBuildFile; fileRef = A93274A02804007B001B0EDB /* MealPlanner.storyboard */; };
		A93740EC2827846F006FCC32 /* JoinResponse.swift in Sources */ = {isa = PBXBuildFile; fileRef = A93740EB2827846F006FCC32 /* JoinResponse.swift */; };
		A93740F028279A70006FCC32 /* SearchSchoolViewController.swift in Sources */ = {isa = PBXBuildFile; fileRef = A93740EF28279A70006FCC32 /* SearchSchoolViewController.swift */; };
		A975743D2824EB530044D774 /* TimeTableResponse.swift in Sources */ = {isa = PBXBuildFile; fileRef = A975743C2824EB530044D774 /* TimeTableResponse.swift */; };
		A996E4AD2823A41600926DDC /* JoinAPI.swift in Sources */ = {isa = PBXBuildFile; fileRef = A996E4AC2823A41600926DDC /* JoinAPI.swift */; };
		A996E4B12823A48000926DDC /* JoinRequest.swift in Sources */ = {isa = PBXBuildFile; fileRef = A996E4B02823A48000926DDC /* JoinRequest.swift */; };
		A996E4B32823A9F600926DDC /* LoginAPI.swift in Sources */ = {isa = PBXBuildFile; fileRef = A996E4B22823A9F600926DDC /* LoginAPI.swift */; };
		A996E4B62823B57800926DDC /* TimeTableOneDayAPI.swift in Sources */ = {isa = PBXBuildFile; fileRef = A996E4B52823B57800926DDC /* TimeTableOneDayAPI.swift */; };
		A996E4B92823B5B400926DDC /* TimeTableOneDayResponse.swift in Sources */ = {isa = PBXBuildFile; fileRef = A996E4B82823B5B400926DDC /* TimeTableOneDayResponse.swift */; };
		A996E4BB2824B42700926DDC /* TimeTableAPI.swift in Sources */ = {isa = PBXBuildFile; fileRef = A996E4BA2824B42700926DDC /* TimeTableAPI.swift */; };
		A99D212E281C0D2D0042F4BE /* MealPlannerResponse.swift in Sources */ = {isa = PBXBuildFile; fileRef = A99D212D281C0D2D0042F4BE /* MealPlannerResponse.swift */; };
		A99D2133281C0F190042F4BE /* MealPlannerAPI.swift in Sources */ = {isa = PBXBuildFile; fileRef = A99D2132281C0F190042F4BE /* MealPlannerAPI.swift */; };
		A9AD1A6028191C740070F9AE /* NoticeDetail.storyboard in Resources */ = {isa = PBXBuildFile; fileRef = A9AD1A5F28191C740070F9AE /* NoticeDetail.storyboard */; };
		A9AD1A6228191C860070F9AE /* NoticeDetailViewController.swift in Sources */ = {isa = PBXBuildFile; fileRef = A9AD1A6128191C860070F9AE /* NoticeDetailViewController.swift */; };
		A9AD1A6528191DC20070F9AE /* NoticeDetailAPI.swift in Sources */ = {isa = PBXBuildFile; fileRef = A9AD1A6428191DC20070F9AE /* NoticeDetailAPI.swift */; };
		A9AD1A6828191E2A0070F9AE /* NoticeDetailResponse.swift in Sources */ = {isa = PBXBuildFile; fileRef = A9AD1A6728191E2A0070F9AE /* NoticeDetailResponse.swift */; };
		A9AD1A6A281921FD0070F9AE /* UINavigationController+.swift in Sources */ = {isa = PBXBuildFile; fileRef = A9AD1A69281921FD0070F9AE /* UINavigationController+.swift */; };
		A9AD1A6C281929640070F9AE /* WriteNotice.storyboard in Resources */ = {isa = PBXBuildFile; fileRef = A9AD1A6B281929640070F9AE /* WriteNotice.storyboard */; };
		A9AD1A6E281929740070F9AE /* WriteNoticeViewController.swift in Sources */ = {isa = PBXBuildFile; fileRef = A9AD1A6D281929740070F9AE /* WriteNoticeViewController.swift */; };
		A9AD1A71281933BB0070F9AE /* WriteNoticeRequest.swift in Sources */ = {isa = PBXBuildFile; fileRef = A9AD1A70281933BB0070F9AE /* WriteNoticeRequest.swift */; };
		A9AD1A73281933FC0070F9AE /* WriteNoticeAPI.swift in Sources */ = {isa = PBXBuildFile; fileRef = A9AD1A72281933FC0070F9AE /* WriteNoticeAPI.swift */; };
		A9AD1A75281936070070F9AE /* WriteNoticeResponse.swift in Sources */ = {isa = PBXBuildFile; fileRef = A9AD1A74281936070070F9AE /* WriteNoticeResponse.swift */; };
		A9AD1A79281949F00070F9AE /* WriteHomework.storyboard in Resources */ = {isa = PBXBuildFile; fileRef = A9AD1A78281949F00070F9AE /* WriteHomework.storyboard */; };
		A9AD1A7B281949F90070F9AE /* WriteHomeworkViewController.swift in Sources */ = {isa = PBXBuildFile; fileRef = A9AD1A7A281949F90070F9AE /* WriteHomeworkViewController.swift */; };
		A9AD1A7F28194D850070F9AE /* WriteHomeworkResponse.swift in Sources */ = {isa = PBXBuildFile; fileRef = A9AD1A7E28194D850070F9AE /* WriteHomeworkResponse.swift */; };
		A9AD1A8128194D8D0070F9AE /* WriteHomeworkRequest.swift in Sources */ = {isa = PBXBuildFile; fileRef = A9AD1A8028194D8D0070F9AE /* WriteHomeworkRequest.swift */; };
		A9AD1A8428194E020070F9AE /* WriteHomeworkAPI.swift in Sources */ = {isa = PBXBuildFile; fileRef = A9AD1A8328194E020070F9AE /* WriteHomeworkAPI.swift */; };
		A9AD1A86281950960070F9AE /* DeleteHomeworkAPI.swift in Sources */ = {isa = PBXBuildFile; fileRef = A9AD1A85281950960070F9AE /* DeleteHomeworkAPI.swift */; };
		A9AD1A8B281952430070F9AE /* DeleteHomeworkResponse.swift in Sources */ = {isa = PBXBuildFile; fileRef = A9AD1A8A281952430070F9AE /* DeleteHomeworkResponse.swift */; };
		A9AD1A8F281956620070F9AE /* HomeworkCheckResponse.swift in Sources */ = {isa = PBXBuildFile; fileRef = A9AD1A8E281956620070F9AE /* HomeworkCheckResponse.swift */; };
		A9AD1A91281956B80070F9AE /* HomeworkCheckAPI.swift in Sources */ = {isa = PBXBuildFile; fileRef = A9AD1A90281956B80070F9AE /* HomeworkCheckAPI.swift */; };
		A9AD1A94281960720070F9AE /* EditHomeworkAPI.swift in Sources */ = {isa = PBXBuildFile; fileRef = A9AD1A93281960720070F9AE /* EditHomeworkAPI.swift */; };
		A9AD1A97281961200070F9AE /* EditHomeworkResponse.swift in Sources */ = {isa = PBXBuildFile; fileRef = A9AD1A96281961200070F9AE /* EditHomeworkResponse.swift */; };
		A9AD1A9A281A64BC0070F9AE /* DeleteNoticeAPI.swift in Sources */ = {isa = PBXBuildFile; fileRef = A9AD1A99281A64BC0070F9AE /* DeleteNoticeAPI.swift */; };
		A9AD1A9E281A6A680070F9AE /* EditNoticeResponse.swift in Sources */ = {isa = PBXBuildFile; fileRef = A9AD1A9D281A6A680070F9AE /* EditNoticeResponse.swift */; };
		A9AD1AA0281A6A870070F9AE /* EditNoticeRequest.swift in Sources */ = {isa = PBXBuildFile; fileRef = A9AD1A9F281A6A870070F9AE /* EditNoticeRequest.swift */; };
		A9AD1AA2281A6B500070F9AE /* EditNoticeAPI.swift in Sources */ = {isa = PBXBuildFile; fileRef = A9AD1AA1281A6B500070F9AE /* EditNoticeAPI.swift */; };
		A9AD1AA5281A745B0070F9AE /* Response.swift in Sources */ = {isa = PBXBuildFile; fileRef = A9AD1AA4281A745B0070F9AE /* Response.swift */; };
		A9AD1AA8281A74920070F9AE /* ReadNoticeAPI.swift in Sources */ = {isa = PBXBuildFile; fileRef = A9AD1AA7281A74920070F9AE /* ReadNoticeAPI.swift */; };
		A9AD1AC6281BE4910070F9AE /* SmallHomeworkTableViewCell.swift in Sources */ = {isa = PBXBuildFile; fileRef = A9AD1AC4281BE4910070F9AE /* SmallHomeworkTableViewCell.swift */; };
		A9AD1AC7281BE4910070F9AE /* SmallHomeworkTableViewCell.xib in Resources */ = {isa = PBXBuildFile; fileRef = A9AD1AC5281BE4910070F9AE /* SmallHomeworkTableViewCell.xib */; };
		A9BB8EAD2812675E004F2990 /* AddAlarmRequest.swift in Sources */ = {isa = PBXBuildFile; fileRef = A9BB8EAC2812675E004F2990 /* AddAlarmRequest.swift */; };
		A9BB8EAF28126781004F2990 /* EditAlarmResponse.swift in Sources */ = {isa = PBXBuildFile; fileRef = A9BB8EAE28126781004F2990 /* EditAlarmResponse.swift */; };
		A9BB8EBA28127787004F2990 /* Icon.swift in Sources */ = {isa = PBXBuildFile; fileRef = A9BB8EB928127787004F2990 /* Icon.swift */; };
		A9BB8EBC28128556004F2990 /* TimeTable.storyboard in Resources */ = {isa = PBXBuildFile; fileRef = A9BB8EBB28128556004F2990 /* TimeTable.storyboard */; };
		A9CEF41928156D9A00B7B25B /* HomeworkViewController.swift in Sources */ = {isa = PBXBuildFile; fileRef = A9CEF41828156D9A00B7B25B /* HomeworkViewController.swift */; };
		A9CEF41D28156DCF00B7B25B /* Homework.storyboard in Resources */ = {isa = PBXBuildFile; fileRef = A9CEF41C28156DCF00B7B25B /* Homework.storyboard */; };
		A9CEF42628157B6D00B7B25B /* HomeworkTableViewCell.swift in Sources */ = {isa = PBXBuildFile; fileRef = A9CEF42428157B6D00B7B25B /* HomeworkTableViewCell.swift */; };
		A9CEF42728157B6D00B7B25B /* HomeworkTableViewCell.xib in Resources */ = {isa = PBXBuildFile; fileRef = A9CEF42528157B6D00B7B25B /* HomeworkTableViewCell.xib */; };
		A9CEF42C28157D4B00B7B25B /* HomeworkResponse.swift in Sources */ = {isa = PBXBuildFile; fileRef = A9CEF42B28157D4B00B7B25B /* HomeworkResponse.swift */; };
		A9CEF4312815808400B7B25B /* SchoolHomeworkAPI.swift in Sources */ = {isa = PBXBuildFile; fileRef = A9CEF4302815808400B7B25B /* SchoolHomeworkAPI.swift */; };
		A9CEF4332815897800B7B25B /* AcademyHomeworkAPI.swift in Sources */ = {isa = PBXBuildFile; fileRef = A9CEF4322815897800B7B25B /* AcademyHomeworkAPI.swift */; };
		CE81C783B1BA87148374EAB8 /* Pods_Wooaham.framework in Frameworks */ = {isa = PBXBuildFile; fileRef = AECC2A0843E732B2894F27C7 /* Pods_Wooaham.framework */; };
/* End PBXBuildFile section */

/* Begin PBXFileReference section */
		18DD749792004D6FE0CEA5C7 /* Pods-Wooaham.debug.xcconfig */ = {isa = PBXFileReference; includeInIndex = 1; lastKnownFileType = text.xcconfig; name = "Pods-Wooaham.debug.xcconfig"; path = "Target Support Files/Pods-Wooaham/Pods-Wooaham.debug.xcconfig"; sourceTree = "<group>"; };
		A8B07838C85B081BE23AEA45 /* Pods-Wooaham.release.xcconfig */ = {isa = PBXFileReference; includeInIndex = 1; lastKnownFileType = text.xcconfig; name = "Pods-Wooaham.release.xcconfig"; path = "Target Support Files/Pods-Wooaham/Pods-Wooaham.release.xcconfig"; sourceTree = "<group>"; };
		A90900812805CD3D00089CCA /* Const.swift */ = {isa = PBXFileReference; lastKnownFileType = sourcecode.swift; path = Const.swift; sourceTree = "<group>"; };
		A90900832805CD4800089CCA /* URL.swift */ = {isa = PBXFileReference; lastKnownFileType = sourcecode.swift; path = URL.swift; sourceTree = "<group>"; };
		A90900852805CDAA00089CCA /* ViewController.swift */ = {isa = PBXFileReference; lastKnownFileType = sourcecode.swift; path = ViewController.swift; sourceTree = "<group>"; };
		A90900872805CDB200089CCA /* Storyboard.swift */ = {isa = PBXFileReference; lastKnownFileType = sourcecode.swift; path = Storyboard.swift; sourceTree = "<group>"; };
		A909008B2807F40800089CCA /* Functions.swift */ = {isa = PBXFileReference; lastKnownFileType = sourcecode.swift; path = Functions.swift; sourceTree = "<group>"; };
		A909008D2809348000089CCA /* AlarmDetailResponse.swift */ = {isa = PBXFileReference; lastKnownFileType = sourcecode.swift; path = AlarmDetailResponse.swift; sourceTree = "<group>"; };
		A909008F2809358600089CCA /* AlarmDetailDataManager.swift */ = {isa = PBXFileReference; lastKnownFileType = sourcecode.swift; path = AlarmDetailDataManager.swift; sourceTree = "<group>"; };
		A909009128093AEF00089CCA /* AlarmDetail.swift */ = {isa = PBXFileReference; lastKnownFileType = sourcecode.swift; path = AlarmDetail.swift; sourceTree = "<group>"; };
		A909009728095A9500089CCA /* AddAlarmDataManager.swift */ = {isa = PBXFileReference; lastKnownFileType = sourcecode.swift; path = AddAlarmDataManager.swift; sourceTree = "<group>"; };
		A909009928095AEC00089CCA /* AddAlarmResponse.swift */ = {isa = PBXFileReference; lastKnownFileType = sourcecode.swift; path = AddAlarmResponse.swift; sourceTree = "<group>"; };
		A909009B2809658300089CCA /* DeleteAlarmDataManager.swift */ = {isa = PBXFileReference; lastKnownFileType = sourcecode.swift; path = DeleteAlarmDataManager.swift; sourceTree = "<group>"; };
		A909009F2809673400089CCA /* AlarmSwtichDataManager.swift */ = {isa = PBXFileReference; lastKnownFileType = sourcecode.swift; path = AlarmSwtichDataManager.swift; sourceTree = "<group>"; };
		A90900A128096BCB00089CCA /* AlarmTestResponse.swift */ = {isa = PBXFileReference; lastKnownFileType = sourcecode.swift; path = AlarmTestResponse.swift; sourceTree = "<group>"; };
		A90900A32809733000089CCA /* EditAlarmDataManager.swift */ = {isa = PBXFileReference; lastKnownFileType = sourcecode.swift; path = EditAlarmDataManager.swift; sourceTree = "<group>"; };
		A90900A52809784000089CCA /* EditAlarmRequest.swift */ = {isa = PBXFileReference; lastKnownFileType = sourcecode.swift; path = EditAlarmRequest.swift; sourceTree = "<group>"; };
		A90900A7280999CA00089CCA /* NoticeResponse.swift */ = {isa = PBXFileReference; lastKnownFileType = sourcecode.swift; path = NoticeResponse.swift; sourceTree = "<group>"; };
		A90900A9280999DA00089CCA /* NoticeAPI.swift */ = {isa = PBXFileReference; lastKnownFileType = sourcecode.swift; path = NoticeAPI.swift; sourceTree = "<group>"; };
		A92D82BB28215FFF00DB796E /* MealPlannerOneDayAPI.swift */ = {isa = PBXFileReference; lastKnownFileType = sourcecode.swift; path = MealPlannerOneDayAPI.swift; sourceTree = "<group>"; };
		A92D82BD28224F9800DB796E /* Join.storyboard */ = {isa = PBXFileReference; lastKnownFileType = file.storyboard; path = Join.storyboard; sourceTree = "<group>"; };
		A92D82C12822514900DB796E /* LoginViewController.swift */ = {isa = PBXFileReference; lastKnownFileType = sourcecode.swift; path = LoginViewController.swift; sourceTree = "<group>"; };
		A92D82C3282252B800DB796E /* JoinViewController.swift */ = {isa = PBXFileReference; lastKnownFileType = sourcecode.swift; path = JoinViewController.swift; sourceTree = "<group>"; };
		A932737727F9C83D001B0EDB /* Wooaham.app */ = {isa = PBXFileReference; explicitFileType = wrapper.application; includeInIndex = 0; path = Wooaham.app; sourceTree = BUILT_PRODUCTS_DIR; };
		A932737A27F9C83D001B0EDB /* AppDelegate.swift */ = {isa = PBXFileReference; lastKnownFileType = sourcecode.swift; path = AppDelegate.swift; sourceTree = "<group>"; };
		A932737C27F9C83D001B0EDB /* SceneDelegate.swift */ = {isa = PBXFileReference; lastKnownFileType = sourcecode.swift; path = SceneDelegate.swift; sourceTree = "<group>"; };
		A932738127F9C83D001B0EDB /* Base */ = {isa = PBXFileReference; lastKnownFileType = file.storyboard; name = Base; path = Base.lproj/Main.storyboard; sourceTree = "<group>"; };
		A932738327F9C83E001B0EDB /* Assets.xcassets */ = {isa = PBXFileReference; lastKnownFileType = folder.assetcatalog; path = Assets.xcassets; sourceTree = "<group>"; };
		A932738627F9C83E001B0EDB /* Base */ = {isa = PBXFileReference; lastKnownFileType = file.storyboard; name = Base; path = Base.lproj/LaunchScreen.storyboard; sourceTree = "<group>"; };
		A932738827F9C83E001B0EDB /* Info.plist */ = {isa = PBXFileReference; lastKnownFileType = text.plist.xml; path = Info.plist; sourceTree = "<group>"; };
		A932739427F9CE76001B0EDB /* Login.storyboard */ = {isa = PBXFileReference; lastKnownFileType = file.storyboard; path = Login.storyboard; sourceTree = "<group>"; };
		A932739827F9CEE6001B0EDB /* UIColor+.swift */ = {isa = PBXFileReference; lastKnownFileType = sourcecode.swift; path = "UIColor+.swift"; sourceTree = "<group>"; };
		A932739A27F9CF31001B0EDB /* UIView+.swift */ = {isa = PBXFileReference; lastKnownFileType = sourcecode.swift; path = "UIView+.swift"; sourceTree = "<group>"; };
		A932739C27F9D222001B0EDB /* AuthSelectViewController.swift */ = {isa = PBXFileReference; lastKnownFileType = sourcecode.swift; path = AuthSelectViewController.swift; sourceTree = "<group>"; };
		A932739E27F9D940001B0EDB /* UIFont+.swift */ = {isa = PBXFileReference; lastKnownFileType = sourcecode.swift; path = "UIFont+.swift"; sourceTree = "<group>"; };
		A93273A327F9DD1C001B0EDB /* MyPageViewController.swift */ = {isa = PBXFileReference; lastKnownFileType = sourcecode.swift; path = MyPageViewController.swift; sourceTree = "<group>"; };
		A93273A527F9E12E001B0EDB /* UIViewController+.swift */ = {isa = PBXFileReference; lastKnownFileType = sourcecode.swift; path = "UIViewController+.swift"; sourceTree = "<group>"; };
		A93273A727F9E1CC001B0EDB /* CALayer+.swift */ = {isa = PBXFileReference; lastKnownFileType = sourcecode.swift; path = "CALayer+.swift"; sourceTree = "<group>"; };
		A93273AF27F9E8BB001B0EDB /* MyPage.storyboard */ = {isa = PBXFileReference; fileEncoding = 4; lastKnownFileType = file.storyboard; path = MyPage.storyboard; sourceTree = "<group>"; };
		A93273B127F9ED1E001B0EDB /* ProfileEditViewController.swift */ = {isa = PBXFileReference; lastKnownFileType = sourcecode.swift; path = ProfileEditViewController.swift; sourceTree = "<group>"; };
		A93273B327F9F6D2001B0EDB /* AddSchoolViewController.swift */ = {isa = PBXFileReference; lastKnownFileType = sourcecode.swift; path = AddSchoolViewController.swift; sourceTree = "<group>"; };
		A93273B527FB2D57001B0EDB /* String+.swift */ = {isa = PBXFileReference; lastKnownFileType = sourcecode.swift; path = "String+.swift"; sourceTree = "<group>"; };
		A93273B727FB2D7B001B0EDB /* NSMutableAttributedString+.swift */ = {isa = PBXFileReference; lastKnownFileType = sourcecode.swift; path = "NSMutableAttributedString+.swift"; sourceTree = "<group>"; };
		A93273BA27FC1799001B0EDB /* Alarm.storyboard */ = {isa = PBXFileReference; fileEncoding = 4; lastKnownFileType = file.storyboard; name = Alarm.storyboard; path = Wooaham/Source/Alarm/Alarm.storyboard; sourceTree = SOURCE_ROOT; };
		A93273BC27FC180C001B0EDB /* AlarmViewController.swift */ = {isa = PBXFileReference; lastKnownFileType = sourcecode.swift; path = AlarmViewController.swift; sourceTree = "<group>"; };
		A93273BE27FC1A82001B0EDB /* UITabBarController+.swift */ = {isa = PBXFileReference; lastKnownFileType = sourcecode.swift; path = "UITabBarController+.swift"; sourceTree = "<group>"; };
		A93273C027FC1AEF001B0EDB /* TabBarController.swift */ = {isa = PBXFileReference; lastKnownFileType = sourcecode.swift; path = TabBarController.swift; sourceTree = "<group>"; };
		A93273C227FC1DA3001B0EDB /* AlarmTableViewCell.swift */ = {isa = PBXFileReference; lastKnownFileType = sourcecode.swift; path = AlarmTableViewCell.swift; sourceTree = "<group>"; };
		A93273C327FC1DA3001B0EDB /* AlarmTableViewCell.xib */ = {isa = PBXFileReference; lastKnownFileType = file.xib; path = AlarmTableViewCell.xib; sourceTree = "<group>"; };
		A93273C627FC2457001B0EDB /* AddAlarmViewController.swift */ = {isa = PBXFileReference; lastKnownFileType = sourcecode.swift; path = AddAlarmViewController.swift; sourceTree = "<group>"; };
		A93273C927FEBAA2001B0EDB /* Map.storyboard */ = {isa = PBXFileReference; fileEncoding = 4; lastKnownFileType = file.storyboard; path = Map.storyboard; sourceTree = "<group>"; };
		A93273CB27FEBD28001B0EDB /* MapViewController.swift */ = {isa = PBXFileReference; lastKnownFileType = sourcecode.swift; path = MapViewController.swift; sourceTree = "<group>"; };
		A93273D027FEC7B0001B0EDB /* Home.storyboard */ = {isa = PBXFileReference; fileEncoding = 4; lastKnownFileType = file.storyboard; path = Home.storyboard; sourceTree = "<group>"; };
		A93273D227FEC7E2001B0EDB /* HomeViewController.swift */ = {isa = PBXFileReference; lastKnownFileType = sourcecode.swift; path = HomeViewController.swift; sourceTree = "<group>"; };
		A93273D427FECB4A001B0EDB /* NoticeViewController.swift */ = {isa = PBXFileReference; lastKnownFileType = sourcecode.swift; path = NoticeViewController.swift; sourceTree = "<group>"; };
		A93273DC27FED1B7001B0EDB /* TimeTableCollectionViewCell.swift */ = {isa = PBXFileReference; lastKnownFileType = sourcecode.swift; path = TimeTableCollectionViewCell.swift; sourceTree = "<group>"; };
		A93273DD27FED1B7001B0EDB /* TimeTableCollectionViewCell.xib */ = {isa = PBXFileReference; lastKnownFileType = file.xib; path = TimeTableCollectionViewCell.xib; sourceTree = "<group>"; };
		A93273E127FEEA0E001B0EDB /* NoticeCollectionViewCell.swift */ = {isa = PBXFileReference; lastKnownFileType = sourcecode.swift; path = NoticeCollectionViewCell.swift; sourceTree = "<group>"; };
		A93273E227FEEA0E001B0EDB /* NoticeCollectionViewCell.xib */ = {isa = PBXFileReference; lastKnownFileType = file.xib; path = NoticeCollectionViewCell.xib; sourceTree = "<group>"; };
		A93273E627FEEC27001B0EDB /* MealPlannerViewController.swift */ = {isa = PBXFileReference; lastKnownFileType = sourcecode.swift; path = MealPlannerViewController.swift; sourceTree = "<group>"; };
		A93273E927FEEC5D001B0EDB /* TimeTableViewController.swift */ = {isa = PBXFileReference; lastKnownFileType = sourcecode.swift; path = TimeTableViewController.swift; sourceTree = "<group>"; };
		A932749A280315E7001B0EDB /* AlarmResponse.swift */ = {isa = PBXFileReference; lastKnownFileType = sourcecode.swift; path = AlarmResponse.swift; sourceTree = "<group>"; };
		A932749C28031604001B0EDB /* AlarmDataManager.swift */ = {isa = PBXFileReference; lastKnownFileType = sourcecode.swift; path = AlarmDataManager.swift; sourceTree = "<group>"; };
		A932749E2803FD50001B0EDB /* Notice.storyboard */ = {isa = PBXFileReference; lastKnownFileType = file.storyboard; path = Notice.storyboard; sourceTree = "<group>"; };
		A93274A02804007B001B0EDB /* MealPlanner.storyboard */ = {isa = PBXFileReference; lastKnownFileType = file.storyboard; path = MealPlanner.storyboard; sourceTree = "<group>"; };
		A93740EB2827846F006FCC32 /* JoinResponse.swift */ = {isa = PBXFileReference; lastKnownFileType = sourcecode.swift; path = JoinResponse.swift; sourceTree = "<group>"; };
		A93740EF28279A70006FCC32 /* SearchSchoolViewController.swift */ = {isa = PBXFileReference; lastKnownFileType = sourcecode.swift; path = SearchSchoolViewController.swift; sourceTree = "<group>"; };
		A975743C2824EB530044D774 /* TimeTableResponse.swift */ = {isa = PBXFileReference; lastKnownFileType = sourcecode.swift; path = TimeTableResponse.swift; sourceTree = "<group>"; };
		A996E4AC2823A41600926DDC /* JoinAPI.swift */ = {isa = PBXFileReference; lastKnownFileType = sourcecode.swift; path = JoinAPI.swift; sourceTree = "<group>"; };
		A996E4B02823A48000926DDC /* JoinRequest.swift */ = {isa = PBXFileReference; lastKnownFileType = sourcecode.swift; path = JoinRequest.swift; sourceTree = "<group>"; };
		A996E4B22823A9F600926DDC /* LoginAPI.swift */ = {isa = PBXFileReference; lastKnownFileType = sourcecode.swift; path = LoginAPI.swift; sourceTree = "<group>"; };
		A996E4B52823B57800926DDC /* TimeTableOneDayAPI.swift */ = {isa = PBXFileReference; lastKnownFileType = sourcecode.swift; path = TimeTableOneDayAPI.swift; sourceTree = "<group>"; };
		A996E4B82823B5B400926DDC /* TimeTableOneDayResponse.swift */ = {isa = PBXFileReference; lastKnownFileType = sourcecode.swift; path = TimeTableOneDayResponse.swift; sourceTree = "<group>"; };
		A996E4BA2824B42700926DDC /* TimeTableAPI.swift */ = {isa = PBXFileReference; lastKnownFileType = sourcecode.swift; path = TimeTableAPI.swift; sourceTree = "<group>"; };
		A99D212D281C0D2D0042F4BE /* MealPlannerResponse.swift */ = {isa = PBXFileReference; lastKnownFileType = sourcecode.swift; path = MealPlannerResponse.swift; sourceTree = "<group>"; };
		A99D2132281C0F190042F4BE /* MealPlannerAPI.swift */ = {isa = PBXFileReference; lastKnownFileType = sourcecode.swift; path = MealPlannerAPI.swift; sourceTree = "<group>"; };
		A9AD1A5F28191C740070F9AE /* NoticeDetail.storyboard */ = {isa = PBXFileReference; lastKnownFileType = file.storyboard; path = NoticeDetail.storyboard; sourceTree = "<group>"; };
		A9AD1A6128191C860070F9AE /* NoticeDetailViewController.swift */ = {isa = PBXFileReference; lastKnownFileType = sourcecode.swift; path = NoticeDetailViewController.swift; sourceTree = "<group>"; };
		A9AD1A6428191DC20070F9AE /* NoticeDetailAPI.swift */ = {isa = PBXFileReference; lastKnownFileType = sourcecode.swift; path = NoticeDetailAPI.swift; sourceTree = "<group>"; };
		A9AD1A6728191E2A0070F9AE /* NoticeDetailResponse.swift */ = {isa = PBXFileReference; lastKnownFileType = sourcecode.swift; path = NoticeDetailResponse.swift; sourceTree = "<group>"; };
		A9AD1A69281921FD0070F9AE /* UINavigationController+.swift */ = {isa = PBXFileReference; lastKnownFileType = sourcecode.swift; path = "UINavigationController+.swift"; sourceTree = "<group>"; };
		A9AD1A6B281929640070F9AE /* WriteNotice.storyboard */ = {isa = PBXFileReference; lastKnownFileType = file.storyboard; path = WriteNotice.storyboard; sourceTree = "<group>"; };
		A9AD1A6D281929740070F9AE /* WriteNoticeViewController.swift */ = {isa = PBXFileReference; lastKnownFileType = sourcecode.swift; path = WriteNoticeViewController.swift; sourceTree = "<group>"; };
		A9AD1A70281933BB0070F9AE /* WriteNoticeRequest.swift */ = {isa = PBXFileReference; lastKnownFileType = sourcecode.swift; path = WriteNoticeRequest.swift; sourceTree = "<group>"; };
		A9AD1A72281933FC0070F9AE /* WriteNoticeAPI.swift */ = {isa = PBXFileReference; lastKnownFileType = sourcecode.swift; path = WriteNoticeAPI.swift; sourceTree = "<group>"; };
		A9AD1A74281936070070F9AE /* WriteNoticeResponse.swift */ = {isa = PBXFileReference; lastKnownFileType = sourcecode.swift; path = WriteNoticeResponse.swift; sourceTree = "<group>"; };
		A9AD1A78281949F00070F9AE /* WriteHomework.storyboard */ = {isa = PBXFileReference; lastKnownFileType = file.storyboard; path = WriteHomework.storyboard; sourceTree = "<group>"; };
		A9AD1A7A281949F90070F9AE /* WriteHomeworkViewController.swift */ = {isa = PBXFileReference; lastKnownFileType = sourcecode.swift; path = WriteHomeworkViewController.swift; sourceTree = "<group>"; };
		A9AD1A7E28194D850070F9AE /* WriteHomeworkResponse.swift */ = {isa = PBXFileReference; lastKnownFileType = sourcecode.swift; path = WriteHomeworkResponse.swift; sourceTree = "<group>"; };
		A9AD1A8028194D8D0070F9AE /* WriteHomeworkRequest.swift */ = {isa = PBXFileReference; lastKnownFileType = sourcecode.swift; path = WriteHomeworkRequest.swift; sourceTree = "<group>"; };
		A9AD1A8328194E020070F9AE /* WriteHomeworkAPI.swift */ = {isa = PBXFileReference; lastKnownFileType = sourcecode.swift; path = WriteHomeworkAPI.swift; sourceTree = "<group>"; };
		A9AD1A85281950960070F9AE /* DeleteHomeworkAPI.swift */ = {isa = PBXFileReference; lastKnownFileType = sourcecode.swift; path = DeleteHomeworkAPI.swift; sourceTree = "<group>"; };
		A9AD1A8A281952430070F9AE /* DeleteHomeworkResponse.swift */ = {isa = PBXFileReference; lastKnownFileType = sourcecode.swift; path = DeleteHomeworkResponse.swift; sourceTree = "<group>"; };
		A9AD1A8E281956620070F9AE /* HomeworkCheckResponse.swift */ = {isa = PBXFileReference; lastKnownFileType = sourcecode.swift; path = HomeworkCheckResponse.swift; sourceTree = "<group>"; };
		A9AD1A90281956B80070F9AE /* HomeworkCheckAPI.swift */ = {isa = PBXFileReference; lastKnownFileType = sourcecode.swift; path = HomeworkCheckAPI.swift; sourceTree = "<group>"; };
		A9AD1A93281960720070F9AE /* EditHomeworkAPI.swift */ = {isa = PBXFileReference; lastKnownFileType = sourcecode.swift; path = EditHomeworkAPI.swift; sourceTree = "<group>"; };
		A9AD1A96281961200070F9AE /* EditHomeworkResponse.swift */ = {isa = PBXFileReference; lastKnownFileType = sourcecode.swift; path = EditHomeworkResponse.swift; sourceTree = "<group>"; };
		A9AD1A99281A64BC0070F9AE /* DeleteNoticeAPI.swift */ = {isa = PBXFileReference; lastKnownFileType = sourcecode.swift; path = DeleteNoticeAPI.swift; sourceTree = "<group>"; };
		A9AD1A9D281A6A680070F9AE /* EditNoticeResponse.swift */ = {isa = PBXFileReference; lastKnownFileType = sourcecode.swift; path = EditNoticeResponse.swift; sourceTree = "<group>"; };
		A9AD1A9F281A6A870070F9AE /* EditNoticeRequest.swift */ = {isa = PBXFileReference; lastKnownFileType = sourcecode.swift; path = EditNoticeRequest.swift; sourceTree = "<group>"; };
		A9AD1AA1281A6B500070F9AE /* EditNoticeAPI.swift */ = {isa = PBXFileReference; lastKnownFileType = sourcecode.swift; path = EditNoticeAPI.swift; sourceTree = "<group>"; };
		A9AD1AA4281A745B0070F9AE /* Response.swift */ = {isa = PBXFileReference; lastKnownFileType = sourcecode.swift; path = Response.swift; sourceTree = "<group>"; };
		A9AD1AA7281A74920070F9AE /* ReadNoticeAPI.swift */ = {isa = PBXFileReference; lastKnownFileType = sourcecode.swift; path = ReadNoticeAPI.swift; sourceTree = "<group>"; };
		A9AD1AC4281BE4910070F9AE /* SmallHomeworkTableViewCell.swift */ = {isa = PBXFileReference; lastKnownFileType = sourcecode.swift; path = SmallHomeworkTableViewCell.swift; sourceTree = "<group>"; };
		A9AD1AC5281BE4910070F9AE /* SmallHomeworkTableViewCell.xib */ = {isa = PBXFileReference; lastKnownFileType = file.xib; path = SmallHomeworkTableViewCell.xib; sourceTree = "<group>"; };
		A9BB8EAC2812675E004F2990 /* AddAlarmRequest.swift */ = {isa = PBXFileReference; lastKnownFileType = sourcecode.swift; path = AddAlarmRequest.swift; sourceTree = "<group>"; };
		A9BB8EAE28126781004F2990 /* EditAlarmResponse.swift */ = {isa = PBXFileReference; lastKnownFileType = sourcecode.swift; path = EditAlarmResponse.swift; sourceTree = "<group>"; };
		A9BB8EB928127787004F2990 /* Icon.swift */ = {isa = PBXFileReference; lastKnownFileType = sourcecode.swift; path = Icon.swift; sourceTree = "<group>"; };
		A9BB8EBB28128556004F2990 /* TimeTable.storyboard */ = {isa = PBXFileReference; lastKnownFileType = file.storyboard; path = TimeTable.storyboard; sourceTree = "<group>"; };
		A9CEF41828156D9A00B7B25B /* HomeworkViewController.swift */ = {isa = PBXFileReference; lastKnownFileType = sourcecode.swift; path = HomeworkViewController.swift; sourceTree = "<group>"; };
		A9CEF41C28156DCF00B7B25B /* Homework.storyboard */ = {isa = PBXFileReference; lastKnownFileType = file.storyboard; path = Homework.storyboard; sourceTree = "<group>"; };
		A9CEF42428157B6D00B7B25B /* HomeworkTableViewCell.swift */ = {isa = PBXFileReference; lastKnownFileType = sourcecode.swift; path = HomeworkTableViewCell.swift; sourceTree = "<group>"; };
		A9CEF42528157B6D00B7B25B /* HomeworkTableViewCell.xib */ = {isa = PBXFileReference; lastKnownFileType = file.xib; path = HomeworkTableViewCell.xib; sourceTree = "<group>"; };
		A9CEF42B28157D4B00B7B25B /* HomeworkResponse.swift */ = {isa = PBXFileReference; lastKnownFileType = sourcecode.swift; path = HomeworkResponse.swift; sourceTree = "<group>"; };
		A9CEF4302815808400B7B25B /* SchoolHomeworkAPI.swift */ = {isa = PBXFileReference; lastKnownFileType = sourcecode.swift; path = SchoolHomeworkAPI.swift; sourceTree = "<group>"; };
		A9CEF4322815897800B7B25B /* AcademyHomeworkAPI.swift */ = {isa = PBXFileReference; lastKnownFileType = sourcecode.swift; path = AcademyHomeworkAPI.swift; sourceTree = "<group>"; };
		AECC2A0843E732B2894F27C7 /* Pods_Wooaham.framework */ = {isa = PBXFileReference; explicitFileType = wrapper.framework; includeInIndex = 0; path = Pods_Wooaham.framework; sourceTree = BUILT_PRODUCTS_DIR; };
/* End PBXFileReference section */

/* Begin PBXFrameworksBuildPhase section */
		A932737427F9C83D001B0EDB /* Frameworks */ = {
			isa = PBXFrameworksBuildPhase;
			buildActionMask = 2147483647;
			files = (
				CE81C783B1BA87148374EAB8 /* Pods_Wooaham.framework in Frameworks */,
			);
			runOnlyForDeploymentPostprocessing = 0;
		};
/* End PBXFrameworksBuildPhase section */

/* Begin PBXGroup section */
		79B056FD3FC99369D74AF53C /* Pods */ = {
			isa = PBXGroup;
			children = (
				18DD749792004D6FE0CEA5C7 /* Pods-Wooaham.debug.xcconfig */,
				A8B07838C85B081BE23AEA45 /* Pods-Wooaham.release.xcconfig */,
			);
			path = Pods;
			sourceTree = "<group>";
		};
		A90900CF280C238000089CCA /* Network */ = {
			isa = PBXGroup;
			children = (
				A90900D3280C23B400089CCA /* APIConstants */,
				A90900D2280C23A600089CCA /* APIServices */,
				A90900D1280C23A100089CCA /* APIModels */,
			);
			path = Network;
			sourceTree = "<group>";
		};
		A90900D0280C238C00089CCA /* AlarmAPIs */ = {
			isa = PBXGroup;
			children = (
				A9BB8EA2281266B0004F2990 /* AlarmAPI */,
				A9BB8EA7281266F6004F2990 /* AlarmSwitchAPI */,
				A9BB8EA3281266C2004F2990 /* AlarmDetailAPI */,
				A9BB8EA4281266C9004F2990 /* AddAlarmAPI */,
				A9BB8EA6281266E1004F2990 /* EditAlarmAPI */,
				A9BB8EA5281266CD004F2990 /* DeleteAlarmAPI */,
			);
			path = AlarmAPIs;
			sourceTree = "<group>";
		};
		A90900D1280C23A100089CCA /* APIModels */ = {
			isa = PBXGroup;
			children = (
				A9AD1AA4281A745B0070F9AE /* Response.swift */,
				A996E4AF2823A46B00926DDC /* LoginModels */,
				A9CEF42828157C9600B7B25B /* HomeworkModels */,
				A9BB8EB1281267BF004F2990 /* NoticeModels */,
				A99D212C281C0D1D0042F4BE /* MealPlannerModels */,
				A996E4B72823B59100926DDC /* TimeTableModels */,
				A90900D4280C240400089CCA /* AlarmModels */,
			);
			path = APIModels;
			sourceTree = "<group>";
		};
		A90900D2280C23A600089CCA /* APIServices */ = {
			isa = PBXGroup;
			children = (
				A996E4AE2823A41B00926DDC /* LoginAPIs */,
				A9CEF42D2815806200B7B25B /* HomeworkAPIs */,
				A9BB8EB0281267A0004F2990 /* NoticeAPIs */,
				A99D2131281C0F070042F4BE /* MealPlannerAPIs */,
				A996E4B42823B56500926DDC /* TimeTableAPI */,
				A90900D0280C238C00089CCA /* AlarmAPIs */,
			);
			path = APIServices;
			sourceTree = "<group>";
		};
		A90900D3280C23B400089CCA /* APIConstants */ = {
			isa = PBXGroup;
			children = (
			);
			path = APIConstants;
			sourceTree = "<group>";
		};
		A90900D4280C240400089CCA /* AlarmModels */ = {
			isa = PBXGroup;
			children = (
				A9BB8EA82812671B004F2990 /* AlarmModel */,
				A9BB8EA928126720004F2990 /* AlarmDetailModel */,
				A9BB8EAA28126726004F2990 /* AddAlarmModel */,
				A9BB8EAB28126731004F2990 /* EditAlarmModel */,
				A90900A128096BCB00089CCA /* AlarmTestResponse.swift */,
			);
			path = AlarmModels;
			sourceTree = "<group>";
		};
		A92D82BF28224FB400DB796E /* Join */ = {
			isa = PBXGroup;
			children = (
				A92D82BD28224F9800DB796E /* Join.storyboard */,
				A932739C27F9D222001B0EDB /* AuthSelectViewController.swift */,
				A92D82C3282252B800DB796E /* JoinViewController.swift */,
			);
			path = Join;
			sourceTree = "<group>";
		};
		A92D82C028224FBA00DB796E /* Login */ = {
			isa = PBXGroup;
			children = (
				A932739427F9CE76001B0EDB /* Login.storyboard */,
				A92D82C12822514900DB796E /* LoginViewController.swift */,
			);
			path = Login;
			sourceTree = "<group>";
		};
		A932736E27F9C83D001B0EDB = {
			isa = PBXGroup;
			children = (
				A932737927F9C83D001B0EDB /* Wooaham */,
				A932737827F9C83D001B0EDB /* Products */,
				79B056FD3FC99369D74AF53C /* Pods */,
				BAA01814139471BE39761771 /* Frameworks */,
			);
			sourceTree = "<group>";
		};
		A932737827F9C83D001B0EDB /* Products */ = {
			isa = PBXGroup;
			children = (
				A932737727F9C83D001B0EDB /* Wooaham.app */,
			);
			name = Products;
			sourceTree = "<group>";
		};
		A932737927F9C83D001B0EDB /* Wooaham */ = {
			isa = PBXGroup;
			children = (
				A932738E27F9CD55001B0EDB /* Constants */,
				A932738F27F9CD60001B0EDB /* Base */,
				A93740EA282782DF006FCC32 /* Secret */,
				A932739027F9CD69001B0EDB /* Util */,
				A90900CF280C238000089CCA /* Network */,
				A932739227F9CD80001B0EDB /* Source */,
				A932737A27F9C83D001B0EDB /* AppDelegate.swift */,
				A932737C27F9C83D001B0EDB /* SceneDelegate.swift */,
				A932738327F9C83E001B0EDB /* Assets.xcassets */,
				A932738527F9C83E001B0EDB /* LaunchScreen.storyboard */,
				A932738827F9C83E001B0EDB /* Info.plist */,
			);
			path = Wooaham;
			sourceTree = "<group>";
		};
		A932738E27F9CD55001B0EDB /* Constants */ = {
			isa = PBXGroup;
			children = (
				A90900812805CD3D00089CCA /* Const.swift */,
				A90900872805CDB200089CCA /* Storyboard.swift */,
				A90900852805CDAA00089CCA /* ViewController.swift */,
				A9BB8EB928127787004F2990 /* Icon.swift */,
				A90900832805CD4800089CCA /* URL.swift */,
			);
			path = Constants;
			sourceTree = "<group>";
		};
		A932738F27F9CD60001B0EDB /* Base */ = {
			isa = PBXGroup;
			children = (
			);
			path = Base;
			sourceTree = "<group>";
		};
		A932739027F9CD69001B0EDB /* Util */ = {
			isa = PBXGroup;
			children = (
				A909008B2807F40800089CCA /* Functions.swift */,
				A932739127F9CD78001B0EDB /* Extension */,
			);
			path = Util;
			sourceTree = "<group>";
		};
		A932739127F9CD78001B0EDB /* Extension */ = {
			isa = PBXGroup;
			children = (
				A932739827F9CEE6001B0EDB /* UIColor+.swift */,
				A932739A27F9CF31001B0EDB /* UIView+.swift */,
				A932739E27F9D940001B0EDB /* UIFont+.swift */,
				A9AD1A69281921FD0070F9AE /* UINavigationController+.swift */,
				A93273A527F9E12E001B0EDB /* UIViewController+.swift */,
				A93273A727F9E1CC001B0EDB /* CALayer+.swift */,
				A93273B527FB2D57001B0EDB /* String+.swift */,
				A93273B727FB2D7B001B0EDB /* NSMutableAttributedString+.swift */,
				A93273BE27FC1A82001B0EDB /* UITabBarController+.swift */,
			);
			path = Extension;
			sourceTree = "<group>";
		};
		A932739227F9CD80001B0EDB /* Source */ = {
			isa = PBXGroup;
			children = (
				A932738027F9C83D001B0EDB /* Main.storyboard */,
				A93273C027FC1AEF001B0EDB /* TabBarController.swift */,
				A932739327F9CE66001B0EDB /* Login */,
				A93273CF27FEC777001B0EDB /* Home */,
				A93273B927FC1768001B0EDB /* Alarm */,
				A93273C827FEBA7A001B0EDB /* Map */,
				A93273A027F9DCE3001B0EDB /* MyPage */,
			);
			path = Source;
			sourceTree = "<group>";
		};
		A932739327F9CE66001B0EDB /* Login */ = {
			isa = PBXGroup;
			children = (
				A92D82C028224FBA00DB796E /* Login */,
				A92D82BF28224FB400DB796E /* Join */,
			);
			path = Login;
			sourceTree = "<group>";
		};
		A93273A027F9DCE3001B0EDB /* MyPage */ = {
			isa = PBXGroup;
			children = (
				A93273AF27F9E8BB001B0EDB /* MyPage.storyboard */,
				A93273A327F9DD1C001B0EDB /* MyPageViewController.swift */,
				A93273B127F9ED1E001B0EDB /* ProfileEditViewController.swift */,
				A93740EF28279A70006FCC32 /* SearchSchoolViewController.swift */,
				A93273B327F9F6D2001B0EDB /* AddSchoolViewController.swift */,
			);
			path = MyPage;
			sourceTree = "<group>";
		};
		A93273B927FC1768001B0EDB /* Alarm */ = {
			isa = PBXGroup;
			children = (
				A93273BA27FC1799001B0EDB /* Alarm.storyboard */,
				A93273BC27FC180C001B0EDB /* AlarmViewController.swift */,
				A9BB8EB42812682B004F2990 /* AlarmTableViewCell */,
				A9BB8EB52812684C004F2990 /* AlarmDetail */,
			);
			path = Alarm;
			sourceTree = "<group>";
		};
		A93273C827FEBA7A001B0EDB /* Map */ = {
			isa = PBXGroup;
			children = (
				A93273C927FEBAA2001B0EDB /* Map.storyboard */,
				A93273CB27FEBD28001B0EDB /* MapViewController.swift */,
			);
			path = Map;
			sourceTree = "<group>";
		};
		A93273CF27FEC777001B0EDB /* Home */ = {
			isa = PBXGroup;
			children = (
				A9BB8EB8281268CA004F2990 /* Home */,
				A93273E027FEE9F7001B0EDB /* Notice */,
				A93273E527FEEBE6001B0EDB /* MealPlanner */,
				A93273E827FEEC45001B0EDB /* TimeTable */,
				A93273EB27FEEC66001B0EDB /* Homework */,
			);
			path = Home;
			sourceTree = "<group>";
		};
		A93273E027FEE9F7001B0EDB /* Notice */ = {
			isa = PBXGroup;
			children = (
				A932749E2803FD50001B0EDB /* Notice.storyboard */,
				A93273D427FECB4A001B0EDB /* NoticeViewController.swift */,
				A9BB8EBD281294AF004F2990 /* NoticeCell */,
				A9F2DD6728129622003AE78B /* NoticeDetail */,
				A9AD1A5D281917600070F9AE /* WriteNotice */,
				A9AD1A5E281917710070F9AE /* NoticeReaders */,
			);
			path = Notice;
			sourceTree = "<group>";
		};
		A93273E527FEEBE6001B0EDB /* MealPlanner */ = {
			isa = PBXGroup;
			children = (
				A93274A02804007B001B0EDB /* MealPlanner.storyboard */,
				A93273E627FEEC27001B0EDB /* MealPlannerViewController.swift */,
			);
			path = MealPlanner;
			sourceTree = "<group>";
		};
		A93273E827FEEC45001B0EDB /* TimeTable */ = {
			isa = PBXGroup;
			children = (
				A9BB8EBB28128556004F2990 /* TimeTable.storyboard */,
				A93273E927FEEC5D001B0EDB /* TimeTableViewController.swift */,
			);
			path = TimeTable;
			sourceTree = "<group>";
		};
		A93273EB27FEEC66001B0EDB /* Homework */ = {
			isa = PBXGroup;
			children = (
				A9CEF41C28156DCF00B7B25B /* Homework.storyboard */,
				A9CEF41828156D9A00B7B25B /* HomeworkViewController.swift */,
				A9AD1A77281949350070F9AE /* HomeworkCell */,
				A9AD1A762819485E0070F9AE /* WriteHomework */,
			);
			path = Homework;
			sourceTree = "<group>";
		};
		A93740EA282782DF006FCC32 /* Secret */ = {
			isa = PBXGroup;
			children = (
			);
			path = Secret;
			sourceTree = "<group>";
		};
		A996E4AE2823A41B00926DDC /* LoginAPIs */ = {
			isa = PBXGroup;
			children = (
				A996E4AC2823A41600926DDC /* JoinAPI.swift */,
				A996E4B22823A9F600926DDC /* LoginAPI.swift */,
			);
			path = LoginAPIs;
			sourceTree = "<group>";
		};
		A996E4AF2823A46B00926DDC /* LoginModels */ = {
			isa = PBXGroup;
			children = (
				A996E4B02823A48000926DDC /* JoinRequest.swift */,
				A93740EB2827846F006FCC32 /* JoinResponse.swift */,
			);
			path = LoginModels;
			sourceTree = "<group>";
		};
		A996E4B42823B56500926DDC /* TimeTableAPI */ = {
			isa = PBXGroup;
			children = (
				A996E4B52823B57800926DDC /* TimeTableOneDayAPI.swift */,
				A996E4BA2824B42700926DDC /* TimeTableAPI.swift */,
			);
			path = TimeTableAPI;
			sourceTree = "<group>";
		};
		A996E4B72823B59100926DDC /* TimeTableModels */ = {
			isa = PBXGroup;
			children = (
				A996E4B82823B5B400926DDC /* TimeTableOneDayResponse.swift */,
				A975743C2824EB530044D774 /* TimeTableResponse.swift */,
			);
			path = TimeTableModels;
			sourceTree = "<group>";
		};
		A99D212C281C0D1D0042F4BE /* MealPlannerModels */ = {
			isa = PBXGroup;
			children = (
				A99D212D281C0D2D0042F4BE /* MealPlannerResponse.swift */,
			);
			path = MealPlannerModels;
			sourceTree = "<group>";
		};
		A99D2131281C0F070042F4BE /* MealPlannerAPIs */ = {
			isa = PBXGroup;
			children = (
				A99D2132281C0F190042F4BE /* MealPlannerAPI.swift */,
				A92D82BB28215FFF00DB796E /* MealPlannerOneDayAPI.swift */,
			);
			path = MealPlannerAPIs;
			sourceTree = "<group>";
		};
		A9AD1A5D281917600070F9AE /* WriteNotice */ = {
			isa = PBXGroup;
			children = (
				A9AD1A6B281929640070F9AE /* WriteNotice.storyboard */,
				A9AD1A6D281929740070F9AE /* WriteNoticeViewController.swift */,
			);
			path = WriteNotice;
			sourceTree = "<group>";
		};
		A9AD1A5E281917710070F9AE /* NoticeReaders */ = {
			isa = PBXGroup;
			children = (
			);
			path = NoticeReaders;
			sourceTree = "<group>";
		};
		A9AD1A6628191E1D0070F9AE /* NoticeDetailModel */ = {
			isa = PBXGroup;
			children = (
				A9AD1A6728191E2A0070F9AE /* NoticeDetailResponse.swift */,
			);
			path = NoticeDetailModel;
			sourceTree = "<group>";
		};
		A9AD1A6F281933AA0070F9AE /* WriteNoticeModel */ = {
			isa = PBXGroup;
			children = (
				A9AD1A70281933BB0070F9AE /* WriteNoticeRequest.swift */,
				A9AD1A74281936070070F9AE /* WriteNoticeResponse.swift */,
			);
			path = WriteNoticeModel;
			sourceTree = "<group>";
		};
		A9AD1A762819485E0070F9AE /* WriteHomework */ = {
			isa = PBXGroup;
			children = (
				A9AD1A78281949F00070F9AE /* WriteHomework.storyboard */,
				A9AD1A7A281949F90070F9AE /* WriteHomeworkViewController.swift */,
			);
			path = WriteHomework;
			sourceTree = "<group>";
		};
		A9AD1A77281949350070F9AE /* HomeworkCell */ = {
			isa = PBXGroup;
			children = (
				A9CEF42528157B6D00B7B25B /* HomeworkTableViewCell.xib */,
				A9CEF42428157B6D00B7B25B /* HomeworkTableViewCell.swift */,
				A9AD1AC5281BE4910070F9AE /* SmallHomeworkTableViewCell.xib */,
				A9AD1AC4281BE4910070F9AE /* SmallHomeworkTableViewCell.swift */,
			);
			path = HomeworkCell;
			sourceTree = "<group>";
		};
		A9AD1A7C28194D560070F9AE /* WriteHomeworkModel */ = {
			isa = PBXGroup;
			children = (
				A9AD1A8028194D8D0070F9AE /* WriteHomeworkRequest.swift */,
				A9AD1A7E28194D850070F9AE /* WriteHomeworkResponse.swift */,
			);
			path = WriteHomeworkModel;
			sourceTree = "<group>";
		};
		A9AD1A7D28194D6F0070F9AE /* HomeworkModel */ = {
			isa = PBXGroup;
			children = (
				A9CEF42B28157D4B00B7B25B /* HomeworkResponse.swift */,
			);
			path = HomeworkModel;
			sourceTree = "<group>";
		};
		A9AD1A87281950A20070F9AE /* WriteHomeworkAPI */ = {
			isa = PBXGroup;
			children = (
				A9AD1A8328194E020070F9AE /* WriteHomeworkAPI.swift */,
			);
			path = WriteHomeworkAPI;
			sourceTree = "<group>";
		};
		A9AD1A88281950B40070F9AE /* DeleteHomeworkAPI */ = {
			isa = PBXGroup;
			children = (
				A9AD1A85281950960070F9AE /* DeleteHomeworkAPI.swift */,
			);
			path = DeleteHomeworkAPI;
			sourceTree = "<group>";
		};
		A9AD1A89281952340070F9AE /* DeleteHomeworkModel */ = {
			isa = PBXGroup;
			children = (
				A9AD1A8A281952430070F9AE /* DeleteHomeworkResponse.swift */,
			);
			path = DeleteHomeworkModel;
			sourceTree = "<group>";
		};
		A9AD1A8C281956410070F9AE /* HomeworkCheckAPI */ = {
			isa = PBXGroup;
			children = (
				A9AD1A90281956B80070F9AE /* HomeworkCheckAPI.swift */,
			);
			path = HomeworkCheckAPI;
			sourceTree = "<group>";
		};
		A9AD1A8D2819564E0070F9AE /* HomeworkCheckModel */ = {
			isa = PBXGroup;
			children = (
				A9AD1A8E281956620070F9AE /* HomeworkCheckResponse.swift */,
			);
			path = HomeworkCheckModel;
			sourceTree = "<group>";
		};
		A9AD1A92281960620070F9AE /* EditHomeworkAPI */ = {
			isa = PBXGroup;
			children = (
				A9AD1A93281960720070F9AE /* EditHomeworkAPI.swift */,
			);
			path = EditHomeworkAPI;
			sourceTree = "<group>";
		};
		A9AD1A95281961120070F9AE /* EditHomeworkModel */ = {
			isa = PBXGroup;
			children = (
				A9AD1A96281961200070F9AE /* EditHomeworkResponse.swift */,
			);
			path = EditHomeworkModel;
			sourceTree = "<group>";
		};
		A9AD1A9C281A6A3B0070F9AE /* EditNoticeModel */ = {
			isa = PBXGroup;
			children = (
				A9AD1A9F281A6A870070F9AE /* EditNoticeRequest.swift */,
				A9AD1A9D281A6A680070F9AE /* EditNoticeResponse.swift */,
			);
			path = EditNoticeModel;
			sourceTree = "<group>";
		};
		A9BB8EA2281266B0004F2990 /* AlarmAPI */ = {
			isa = PBXGroup;
			children = (
				A932749C28031604001B0EDB /* AlarmDataManager.swift */,
			);
			path = AlarmAPI;
			sourceTree = "<group>";
		};
		A9BB8EA3281266C2004F2990 /* AlarmDetailAPI */ = {
			isa = PBXGroup;
			children = (
				A909008F2809358600089CCA /* AlarmDetailDataManager.swift */,
			);
			path = AlarmDetailAPI;
			sourceTree = "<group>";
		};
		A9BB8EA4281266C9004F2990 /* AddAlarmAPI */ = {
			isa = PBXGroup;
			children = (
				A909009728095A9500089CCA /* AddAlarmDataManager.swift */,
			);
			path = AddAlarmAPI;
			sourceTree = "<group>";
		};
		A9BB8EA5281266CD004F2990 /* DeleteAlarmAPI */ = {
			isa = PBXGroup;
			children = (
				A909009B2809658300089CCA /* DeleteAlarmDataManager.swift */,
			);
			path = DeleteAlarmAPI;
			sourceTree = "<group>";
		};
		A9BB8EA6281266E1004F2990 /* EditAlarmAPI */ = {
			isa = PBXGroup;
			children = (
				A90900A32809733000089CCA /* EditAlarmDataManager.swift */,
			);
			path = EditAlarmAPI;
			sourceTree = "<group>";
		};
		A9BB8EA7281266F6004F2990 /* AlarmSwitchAPI */ = {
			isa = PBXGroup;
			children = (
				A909009F2809673400089CCA /* AlarmSwtichDataManager.swift */,
			);
			path = AlarmSwitchAPI;
			sourceTree = "<group>";
		};
		A9BB8EA82812671B004F2990 /* AlarmModel */ = {
			isa = PBXGroup;
			children = (
				A932749A280315E7001B0EDB /* AlarmResponse.swift */,
			);
			path = AlarmModel;
			sourceTree = "<group>";
		};
		A9BB8EA928126720004F2990 /* AlarmDetailModel */ = {
			isa = PBXGroup;
			children = (
				A909008D2809348000089CCA /* AlarmDetailResponse.swift */,
			);
			path = AlarmDetailModel;
			sourceTree = "<group>";
		};
		A9BB8EAA28126726004F2990 /* AddAlarmModel */ = {
			isa = PBXGroup;
			children = (
				A9BB8EAC2812675E004F2990 /* AddAlarmRequest.swift */,
				A909009928095AEC00089CCA /* AddAlarmResponse.swift */,
			);
			path = AddAlarmModel;
			sourceTree = "<group>";
		};
		A9BB8EAB28126731004F2990 /* EditAlarmModel */ = {
			isa = PBXGroup;
			children = (
				A90900A52809784000089CCA /* EditAlarmRequest.swift */,
				A9BB8EAE28126781004F2990 /* EditAlarmResponse.swift */,
			);
			path = EditAlarmModel;
			sourceTree = "<group>";
		};
		A9BB8EB0281267A0004F2990 /* NoticeAPIs */ = {
			isa = PBXGroup;
			children = (
				A90900A9280999DA00089CCA /* NoticeAPI.swift */,
				A9AD1A6428191DC20070F9AE /* NoticeDetailAPI.swift */,
				A9AD1A72281933FC0070F9AE /* WriteNoticeAPI.swift */,
				A9AD1A99281A64BC0070F9AE /* DeleteNoticeAPI.swift */,
				A9AD1AA1281A6B500070F9AE /* EditNoticeAPI.swift */,
				A9AD1AA7281A74920070F9AE /* ReadNoticeAPI.swift */,
			);
			path = NoticeAPIs;
			sourceTree = "<group>";
		};
		A9BB8EB1281267BF004F2990 /* NoticeModels */ = {
			isa = PBXGroup;
			children = (
				A9BB8EB2281267E2004F2990 /* NoticeModel */,
				A9AD1A6628191E1D0070F9AE /* NoticeDetailModel */,
				A9AD1A6F281933AA0070F9AE /* WriteNoticeModel */,
				A9AD1A9C281A6A3B0070F9AE /* EditNoticeModel */,
			);
			path = NoticeModels;
			sourceTree = "<group>";
		};
		A9BB8EB2281267E2004F2990 /* NoticeModel */ = {
			isa = PBXGroup;
			children = (
				A90900A7280999CA00089CCA /* NoticeResponse.swift */,
			);
			path = NoticeModel;
			sourceTree = "<group>";
		};
		A9BB8EB42812682B004F2990 /* AlarmTableViewCell */ = {
			isa = PBXGroup;
			children = (
				A93273C327FC1DA3001B0EDB /* AlarmTableViewCell.xib */,
				A93273C227FC1DA3001B0EDB /* AlarmTableViewCell.swift */,
			);
			path = AlarmTableViewCell;
			sourceTree = "<group>";
		};
		A9BB8EB52812684C004F2990 /* AlarmDetail */ = {
			isa = PBXGroup;
			children = (
				A93273C627FC2457001B0EDB /* AddAlarmViewController.swift */,
				A909009128093AEF00089CCA /* AlarmDetail.swift */,
			);
			path = AlarmDetail;
			sourceTree = "<group>";
		};
		A9BB8EB62812687C004F2990 /* HomeCells */ = {
			isa = PBXGroup;
			children = (
				A93273DD27FED1B7001B0EDB /* TimeTableCollectionViewCell.xib */,
				A93273DC27FED1B7001B0EDB /* TimeTableCollectionViewCell.swift */,
			);
			path = HomeCells;
			sourceTree = "<group>";
		};
		A9BB8EB8281268CA004F2990 /* Home */ = {
			isa = PBXGroup;
			children = (
				A93273D027FEC7B0001B0EDB /* Home.storyboard */,
				A93273D227FEC7E2001B0EDB /* HomeViewController.swift */,
				A9BB8EB62812687C004F2990 /* HomeCells */,
			);
			path = Home;
			sourceTree = "<group>";
		};
		A9BB8EBD281294AF004F2990 /* NoticeCell */ = {
			isa = PBXGroup;
			children = (
				A93273E227FEEA0E001B0EDB /* NoticeCollectionViewCell.xib */,
				A93273E127FEEA0E001B0EDB /* NoticeCollectionViewCell.swift */,
			);
			path = NoticeCell;
			sourceTree = "<group>";
		};
		A9CEF42828157C9600B7B25B /* HomeworkModels */ = {
			isa = PBXGroup;
			children = (
				A9AD1A7D28194D6F0070F9AE /* HomeworkModel */,
				A9AD1A7C28194D560070F9AE /* WriteHomeworkModel */,
				A9AD1A89281952340070F9AE /* DeleteHomeworkModel */,
				A9AD1A95281961120070F9AE /* EditHomeworkModel */,
				A9AD1A8D2819564E0070F9AE /* HomeworkCheckModel */,
			);
			path = HomeworkModels;
			sourceTree = "<group>";
		};
		A9CEF42D2815806200B7B25B /* HomeworkAPIs */ = {
			isa = PBXGroup;
			children = (
				A9CEF42E2815806900B7B25B /* SchoolHomeworkAPI */,
				A9CEF42F2815807200B7B25B /* AcademyHomeworkAPI */,
				A9AD1A87281950A20070F9AE /* WriteHomeworkAPI */,
				A9AD1A92281960620070F9AE /* EditHomeworkAPI */,
				A9AD1A88281950B40070F9AE /* DeleteHomeworkAPI */,
				A9AD1A8C281956410070F9AE /* HomeworkCheckAPI */,
			);
			path = HomeworkAPIs;
			sourceTree = "<group>";
		};
		A9CEF42E2815806900B7B25B /* SchoolHomeworkAPI */ = {
			isa = PBXGroup;
			children = (
				A9CEF4302815808400B7B25B /* SchoolHomeworkAPI.swift */,
			);
			path = SchoolHomeworkAPI;
			sourceTree = "<group>";
		};
		A9CEF42F2815807200B7B25B /* AcademyHomeworkAPI */ = {
			isa = PBXGroup;
			children = (
				A9CEF4322815897800B7B25B /* AcademyHomeworkAPI.swift */,
			);
			path = AcademyHomeworkAPI;
			sourceTree = "<group>";
		};
		A9F2DD6728129622003AE78B /* NoticeDetail */ = {
			isa = PBXGroup;
			children = (
				A9AD1A5F28191C740070F9AE /* NoticeDetail.storyboard */,
				A9AD1A6128191C860070F9AE /* NoticeDetailViewController.swift */,
			);
			path = NoticeDetail;
			sourceTree = "<group>";
		};
		BAA01814139471BE39761771 /* Frameworks */ = {
			isa = PBXGroup;
			children = (
				AECC2A0843E732B2894F27C7 /* Pods_Wooaham.framework */,
			);
			name = Frameworks;
			sourceTree = "<group>";
		};
/* End PBXGroup section */

/* Begin PBXNativeTarget section */
		A932737627F9C83D001B0EDB /* Wooaham */ = {
			isa = PBXNativeTarget;
			buildConfigurationList = A932738B27F9C83E001B0EDB /* Build configuration list for PBXNativeTarget "Wooaham" */;
			buildPhases = (
				29FDCB715FAD3F5677C9A384 /* [CP] Check Pods Manifest.lock */,
				A932737327F9C83D001B0EDB /* Sources */,
				A932737427F9C83D001B0EDB /* Frameworks */,
				A932737527F9C83D001B0EDB /* Resources */,
				CA8BBE4F8226BDBC4261A45F /* [CP] Embed Pods Frameworks */,
			);
			buildRules = (
			);
			dependencies = (
			);
			name = Wooaham;
			productName = Wooaham;
			productReference = A932737727F9C83D001B0EDB /* Wooaham.app */;
			productType = "com.apple.product-type.application";
		};
/* End PBXNativeTarget section */

/* Begin PBXProject section */
		A932736F27F9C83D001B0EDB /* Project object */ = {
			isa = PBXProject;
			attributes = {
				BuildIndependentTargetsInParallel = 1;
				LastSwiftUpdateCheck = 1330;
				LastUpgradeCheck = 1330;
				TargetAttributes = {
					A932737627F9C83D001B0EDB = {
						CreatedOnToolsVersion = 13.3;
					};
				};
			};
			buildConfigurationList = A932737227F9C83D001B0EDB /* Build configuration list for PBXProject "Wooaham" */;
			compatibilityVersion = "Xcode 13.0";
			developmentRegion = en;
			hasScannedForEncodings = 0;
			knownRegions = (
				en,
				Base,
			);
			mainGroup = A932736E27F9C83D001B0EDB;
			productRefGroup = A932737827F9C83D001B0EDB /* Products */;
			projectDirPath = "";
			projectRoot = "";
			targets = (
				A932737627F9C83D001B0EDB /* Wooaham */,
			);
		};
/* End PBXProject section */

/* Begin PBXResourcesBuildPhase section */
		A932737527F9C83D001B0EDB /* Resources */ = {
			isa = PBXResourcesBuildPhase;
			buildActionMask = 2147483647;
			files = (
				A932739527F9CE76001B0EDB /* Login.storyboard in Resources */,
				A9AD1A79281949F00070F9AE /* WriteHomework.storyboard in Resources */,
				A93273B027F9E8BB001B0EDB /* MyPage.storyboard in Resources */,
				A9BB8EBC28128556004F2990 /* TimeTable.storyboard in Resources */,
				A92D82BE28224F9800DB796E /* Join.storyboard in Resources */,
				A93273C527FC1DA3001B0EDB /* AlarmTableViewCell.xib in Resources */,
				A9AD1A6028191C740070F9AE /* NoticeDetail.storyboard in Resources */,
				A93274A12804007B001B0EDB /* MealPlanner.storyboard in Resources */,
				A93273D127FEC7B0001B0EDB /* Home.storyboard in Resources */,
				A93273CA27FEBAA2001B0EDB /* Map.storyboard in Resources */,
				A9CEF41D28156DCF00B7B25B /* Homework.storyboard in Resources */,
				A93273DF27FED1B7001B0EDB /* TimeTableCollectionViewCell.xib in Resources */,
				A932738727F9C83E001B0EDB /* LaunchScreen.storyboard in Resources */,
				A932749F2803FD50001B0EDB /* Notice.storyboard in Resources */,
				A93273BB27FC1799001B0EDB /* Alarm.storyboard in Resources */,
				A932738427F9C83E001B0EDB /* Assets.xcassets in Resources */,
				A93273E427FEEA0E001B0EDB /* NoticeCollectionViewCell.xib in Resources */,
				A9CEF42728157B6D00B7B25B /* HomeworkTableViewCell.xib in Resources */,
				A9AD1A6C281929640070F9AE /* WriteNotice.storyboard in Resources */,
				A932738227F9C83D001B0EDB /* Main.storyboard in Resources */,
				A9AD1AC7281BE4910070F9AE /* SmallHomeworkTableViewCell.xib in Resources */,
			);
			runOnlyForDeploymentPostprocessing = 0;
		};
/* End PBXResourcesBuildPhase section */

/* Begin PBXShellScriptBuildPhase section */
		29FDCB715FAD3F5677C9A384 /* [CP] Check Pods Manifest.lock */ = {
			isa = PBXShellScriptBuildPhase;
			buildActionMask = 2147483647;
			files = (
			);
			inputFileListPaths = (
			);
			inputPaths = (
				"${PODS_PODFILE_DIR_PATH}/Podfile.lock",
				"${PODS_ROOT}/Manifest.lock",
			);
			name = "[CP] Check Pods Manifest.lock";
			outputFileListPaths = (
			);
			outputPaths = (
				"$(DERIVED_FILE_DIR)/Pods-Wooaham-checkManifestLockResult.txt",
			);
			runOnlyForDeploymentPostprocessing = 0;
			shellPath = /bin/sh;
			shellScript = "diff \"${PODS_PODFILE_DIR_PATH}/Podfile.lock\" \"${PODS_ROOT}/Manifest.lock\" > /dev/null\nif [ $? != 0 ] ; then\n    # print error to STDERR\n    echo \"error: The sandbox is not in sync with the Podfile.lock. Run 'pod install' or update your CocoaPods installation.\" >&2\n    exit 1\nfi\n# This output is used by Xcode 'outputs' to avoid re-running this script phase.\necho \"SUCCESS\" > \"${SCRIPT_OUTPUT_FILE_0}\"\n";
			showEnvVarsInLog = 0;
		};
		CA8BBE4F8226BDBC4261A45F /* [CP] Embed Pods Frameworks */ = {
			isa = PBXShellScriptBuildPhase;
			buildActionMask = 2147483647;
			files = (
			);
			inputFileListPaths = (
				"${PODS_ROOT}/Target Support Files/Pods-Wooaham/Pods-Wooaham-frameworks-${CONFIGURATION}-input-files.xcfilelist",
			);
			name = "[CP] Embed Pods Frameworks";
			outputFileListPaths = (
				"${PODS_ROOT}/Target Support Files/Pods-Wooaham/Pods-Wooaham-frameworks-${CONFIGURATION}-output-files.xcfilelist",
			);
			runOnlyForDeploymentPostprocessing = 0;
			shellPath = /bin/sh;
			shellScript = "\"${PODS_ROOT}/Target Support Files/Pods-Wooaham/Pods-Wooaham-frameworks.sh\"\n";
			showEnvVarsInLog = 0;
		};
/* End PBXShellScriptBuildPhase section */

/* Begin PBXSourcesBuildPhase section */
		A932737327F9C83D001B0EDB /* Sources */ = {
			isa = PBXSourcesBuildPhase;
			buildActionMask = 2147483647;
			files = (
				A9AD1A6528191DC20070F9AE /* NoticeDetailAPI.swift in Sources */,
				A996E4B92823B5B400926DDC /* TimeTableOneDayResponse.swift in Sources */,
				A93273BF27FC1A82001B0EDB /* UITabBarController+.swift in Sources */,
				A92D82C22822514900DB796E /* LoginViewController.swift in Sources */,
				A9AD1A97281961200070F9AE /* EditHomeworkResponse.swift in Sources */,
				A90900A42809733000089CCA /* EditAlarmDataManager.swift in Sources */,
				A932749B280315E7001B0EDB /* AlarmResponse.swift in Sources */,
				A93273A427F9DD1C001B0EDB /* MyPageViewController.swift in Sources */,
				A93273CC27FEBD28001B0EDB /* MapViewController.swift in Sources */,
				A975743D2824EB530044D774 /* TimeTableResponse.swift in Sources */,
				A9AD1AA8281A74920070F9AE /* ReadNoticeAPI.swift in Sources */,
				A93273B427F9F6D2001B0EDB /* AddSchoolViewController.swift in Sources */,
				A932739D27F9D222001B0EDB /* AuthSelectViewController.swift in Sources */,
				A9AD1A9A281A64BC0070F9AE /* DeleteNoticeAPI.swift in Sources */,
				A93273D327FEC7E2001B0EDB /* HomeViewController.swift in Sources */,
				A90900902809358600089CCA /* AlarmDetailDataManager.swift in Sources */,
				A93273DE27FED1B7001B0EDB /* TimeTableCollectionViewCell.swift in Sources */,
				A909008C2807F40800089CCA /* Functions.swift in Sources */,
				A93273EA27FEEC5D001B0EDB /* TimeTableViewController.swift in Sources */,
				A932749D28031604001B0EDB /* AlarmDataManager.swift in Sources */,
				A90900822805CD3D00089CCA /* Const.swift in Sources */,
				A90900842805CD4800089CCA /* URL.swift in Sources */,
				A93273E727FEEC27001B0EDB /* MealPlannerViewController.swift in Sources */,
				A9AD1AC6281BE4910070F9AE /* SmallHomeworkTableViewCell.swift in Sources */,
				A93273B627FB2D57001B0EDB /* String+.swift in Sources */,
				A93273C127FC1AEF001B0EDB /* TabBarController.swift in Sources */,
				A99D2133281C0F190042F4BE /* MealPlannerAPI.swift in Sources */,
				A93273BD27FC180C001B0EDB /* AlarmViewController.swift in Sources */,
				A93273B227F9ED1E001B0EDB /* ProfileEditViewController.swift in Sources */,
				A9AD1A6A281921FD0070F9AE /* UINavigationController+.swift in Sources */,
				A93740F028279A70006FCC32 /* SearchSchoolViewController.swift in Sources */,
				A9AD1A6228191C860070F9AE /* NoticeDetailViewController.swift in Sources */,
				A996E4B32823A9F600926DDC /* LoginAPI.swift in Sources */,
				A9AD1A71281933BB0070F9AE /* WriteNoticeRequest.swift in Sources */,
				A9CEF41928156D9A00B7B25B /* HomeworkViewController.swift in Sources */,
				A909009C2809658300089CCA /* DeleteAlarmDataManager.swift in Sources */,
				A90900AA280999DA00089CCA /* NoticeAPI.swift in Sources */,
				A93273A627F9E12E001B0EDB /* UIViewController+.swift in Sources */,
				A932737B27F9C83D001B0EDB /* AppDelegate.swift in Sources */,
				A92D82BC28215FFF00DB796E /* MealPlannerOneDayAPI.swift in Sources */,
				A996E4BB2824B42700926DDC /* TimeTableAPI.swift in Sources */,
				A9BB8EBA28127787004F2990 /* Icon.swift in Sources */,
				A9AD1AA2281A6B500070F9AE /* EditNoticeAPI.swift in Sources */,
				A9BB8EAF28126781004F2990 /* EditAlarmResponse.swift in Sources */,
				A9CEF4312815808400B7B25B /* SchoolHomeworkAPI.swift in Sources */,
				A9AD1A8B281952430070F9AE /* DeleteHomeworkResponse.swift in Sources */,
				A932739F27F9D940001B0EDB /* UIFont+.swift in Sources */,
				A9AD1AA0281A6A870070F9AE /* EditNoticeRequest.swift in Sources */,
				A93273B827FB2D7B001B0EDB /* NSMutableAttributedString+.swift in Sources */,
				A932737D27F9C83D001B0EDB /* SceneDelegate.swift in Sources */,
				A9CEF42C28157D4B00B7B25B /* HomeworkResponse.swift in Sources */,
				A9AD1A86281950960070F9AE /* DeleteHomeworkAPI.swift in Sources */,
				A9AD1A6E281929740070F9AE /* WriteNoticeViewController.swift in Sources */,
				A909008E2809348000089CCA /* AlarmDetailResponse.swift in Sources */,
				A90900A228096BCB00089CCA /* AlarmTestResponse.swift in Sources */,
				A90900A8280999CA00089CCA /* NoticeResponse.swift in Sources */,
				A92D82C4282252B800DB796E /* JoinViewController.swift in Sources */,
				A90900862805CDAA00089CCA /* ViewController.swift in Sources */,
				A90900A02809673400089CCA /* AlarmSwtichDataManager.swift in Sources */,
				A93273A827F9E1CC001B0EDB /* CALayer+.swift in Sources */,
				A932739B27F9CF31001B0EDB /* UIView+.swift in Sources */,
				A996E4B12823A48000926DDC /* JoinRequest.swift in Sources */,
				A93273E327FEEA0E001B0EDB /* NoticeCollectionViewCell.swift in Sources */,
				A932739927F9CEE6001B0EDB /* UIColor+.swift in Sources */,
				A90900882805CDB300089CCA /* Storyboard.swift in Sources */,
				A9AD1A94281960720070F9AE /* EditHomeworkAPI.swift in Sources */,
				A996E4B62823B57800926DDC /* TimeTableOneDayAPI.swift in Sources */,
				A9AD1A73281933FC0070F9AE /* WriteNoticeAPI.swift in Sources */,
				A9AD1AA5281A745B0070F9AE /* Response.swift in Sources */,
				A9AD1A91281956B80070F9AE /* HomeworkCheckAPI.swift in Sources */,
				A9AD1A8128194D8D0070F9AE /* WriteHomeworkRequest.swift in Sources */,
				A9AD1A75281936070070F9AE /* WriteNoticeResponse.swift in Sources */,
				A90900A62809784000089CCA /* EditAlarmRequest.swift in Sources */,
				A93273D527FECB4A001B0EDB /* NoticeViewController.swift in Sources */,
				A9AD1A7B281949F90070F9AE /* WriteHomeworkViewController.swift in Sources */,
				A9CEF4332815897800B7B25B /* AcademyHomeworkAPI.swift in Sources */,
				A9BB8EAD2812675E004F2990 /* AddAlarmRequest.swift in Sources */,
				A909009828095A9500089CCA /* AddAlarmDataManager.swift in Sources */,
				A9AD1A9E281A6A680070F9AE /* EditNoticeResponse.swift in Sources */,
				A99D212E281C0D2D0042F4BE /* MealPlannerResponse.swift in Sources */,
				A996E4AD2823A41600926DDC /* JoinAPI.swift in Sources */,
				A93740EC2827846F006FCC32 /* JoinResponse.swift in Sources */,
				A93273C727FC2457001B0EDB /* AddAlarmViewController.swift in Sources */,
				A93273C427FC1DA3001B0EDB /* AlarmTableViewCell.swift in Sources */,
				A909009A28095AEC00089CCA /* AddAlarmResponse.swift in Sources */,
				A9AD1A6828191E2A0070F9AE /* NoticeDetailResponse.swift in Sources */,
				A9CEF42628157B6D00B7B25B /* HomeworkTableViewCell.swift in Sources */,
				A9AD1A7F28194D850070F9AE /* WriteHomeworkResponse.swift in Sources */,
				A9AD1A8F281956620070F9AE /* HomeworkCheckResponse.swift in Sources */,
				A909009228093AEF00089CCA /* AlarmDetail.swift in Sources */,
				A9AD1A8428194E020070F9AE /* WriteHomeworkAPI.swift in Sources */,
			);
			runOnlyForDeploymentPostprocessing = 0;
		};
/* End PBXSourcesBuildPhase section */

/* Begin PBXVariantGroup section */
		A932738027F9C83D001B0EDB /* Main.storyboard */ = {
			isa = PBXVariantGroup;
			children = (
				A932738127F9C83D001B0EDB /* Base */,
			);
			name = Main.storyboard;
			sourceTree = "<group>";
		};
		A932738527F9C83E001B0EDB /* LaunchScreen.storyboard */ = {
			isa = PBXVariantGroup;
			children = (
				A932738627F9C83E001B0EDB /* Base */,
			);
			name = LaunchScreen.storyboard;
			sourceTree = "<group>";
		};
/* End PBXVariantGroup section */

/* Begin XCBuildConfiguration section */
		A932738927F9C83E001B0EDB /* Debug */ = {
			isa = XCBuildConfiguration;
			buildSettings = {
				ALWAYS_SEARCH_USER_PATHS = NO;
				CLANG_ANALYZER_NONNULL = YES;
				CLANG_ANALYZER_NUMBER_OBJECT_CONVERSION = YES_AGGRESSIVE;
				CLANG_CXX_LANGUAGE_STANDARD = "gnu++17";
				CLANG_ENABLE_MODULES = YES;
				CLANG_ENABLE_OBJC_ARC = YES;
				CLANG_ENABLE_OBJC_WEAK = YES;
				CLANG_WARN_BLOCK_CAPTURE_AUTORELEASING = YES;
				CLANG_WARN_BOOL_CONVERSION = YES;
				CLANG_WARN_COMMA = YES;
				CLANG_WARN_CONSTANT_CONVERSION = YES;
				CLANG_WARN_DEPRECATED_OBJC_IMPLEMENTATIONS = YES;
				CLANG_WARN_DIRECT_OBJC_ISA_USAGE = YES_ERROR;
				CLANG_WARN_DOCUMENTATION_COMMENTS = YES;
				CLANG_WARN_EMPTY_BODY = YES;
				CLANG_WARN_ENUM_CONVERSION = YES;
				CLANG_WARN_INFINITE_RECURSION = YES;
				CLANG_WARN_INT_CONVERSION = YES;
				CLANG_WARN_NON_LITERAL_NULL_CONVERSION = YES;
				CLANG_WARN_OBJC_IMPLICIT_RETAIN_SELF = YES;
				CLANG_WARN_OBJC_LITERAL_CONVERSION = YES;
				CLANG_WARN_OBJC_ROOT_CLASS = YES_ERROR;
				CLANG_WARN_QUOTED_INCLUDE_IN_FRAMEWORK_HEADER = YES;
				CLANG_WARN_RANGE_LOOP_ANALYSIS = YES;
				CLANG_WARN_STRICT_PROTOTYPES = YES;
				CLANG_WARN_SUSPICIOUS_MOVE = YES;
				CLANG_WARN_UNGUARDED_AVAILABILITY = YES_AGGRESSIVE;
				CLANG_WARN_UNREACHABLE_CODE = YES;
				CLANG_WARN__DUPLICATE_METHOD_MATCH = YES;
				COPY_PHASE_STRIP = NO;
				DEBUG_INFORMATION_FORMAT = dwarf;
				ENABLE_STRICT_OBJC_MSGSEND = YES;
				ENABLE_TESTABILITY = YES;
				GCC_C_LANGUAGE_STANDARD = gnu11;
				GCC_DYNAMIC_NO_PIC = NO;
				GCC_NO_COMMON_BLOCKS = YES;
				GCC_OPTIMIZATION_LEVEL = 0;
				GCC_PREPROCESSOR_DEFINITIONS = (
					"DEBUG=1",
					"$(inherited)",
				);
				GCC_WARN_64_TO_32_BIT_CONVERSION = YES;
				GCC_WARN_ABOUT_RETURN_TYPE = YES_ERROR;
				GCC_WARN_UNDECLARED_SELECTOR = YES;
				GCC_WARN_UNINITIALIZED_AUTOS = YES_AGGRESSIVE;
				GCC_WARN_UNUSED_FUNCTION = YES;
				GCC_WARN_UNUSED_VARIABLE = YES;
				IPHONEOS_DEPLOYMENT_TARGET = 15.4;
				MTL_ENABLE_DEBUG_INFO = INCLUDE_SOURCE;
				MTL_FAST_MATH = YES;
				ONLY_ACTIVE_ARCH = YES;
				SDKROOT = iphoneos;
				SWIFT_ACTIVE_COMPILATION_CONDITIONS = DEBUG;
				SWIFT_OPTIMIZATION_LEVEL = "-Onone";
			};
			name = Debug;
		};
		A932738A27F9C83E001B0EDB /* Release */ = {
			isa = XCBuildConfiguration;
			buildSettings = {
				ALWAYS_SEARCH_USER_PATHS = NO;
				CLANG_ANALYZER_NONNULL = YES;
				CLANG_ANALYZER_NUMBER_OBJECT_CONVERSION = YES_AGGRESSIVE;
				CLANG_CXX_LANGUAGE_STANDARD = "gnu++17";
				CLANG_ENABLE_MODULES = YES;
				CLANG_ENABLE_OBJC_ARC = YES;
				CLANG_ENABLE_OBJC_WEAK = YES;
				CLANG_WARN_BLOCK_CAPTURE_AUTORELEASING = YES;
				CLANG_WARN_BOOL_CONVERSION = YES;
				CLANG_WARN_COMMA = YES;
				CLANG_WARN_CONSTANT_CONVERSION = YES;
				CLANG_WARN_DEPRECATED_OBJC_IMPLEMENTATIONS = YES;
				CLANG_WARN_DIRECT_OBJC_ISA_USAGE = YES_ERROR;
				CLANG_WARN_DOCUMENTATION_COMMENTS = YES;
				CLANG_WARN_EMPTY_BODY = YES;
				CLANG_WARN_ENUM_CONVERSION = YES;
				CLANG_WARN_INFINITE_RECURSION = YES;
				CLANG_WARN_INT_CONVERSION = YES;
				CLANG_WARN_NON_LITERAL_NULL_CONVERSION = YES;
				CLANG_WARN_OBJC_IMPLICIT_RETAIN_SELF = YES;
				CLANG_WARN_OBJC_LITERAL_CONVERSION = YES;
				CLANG_WARN_OBJC_ROOT_CLASS = YES_ERROR;
				CLANG_WARN_QUOTED_INCLUDE_IN_FRAMEWORK_HEADER = YES;
				CLANG_WARN_RANGE_LOOP_ANALYSIS = YES;
				CLANG_WARN_STRICT_PROTOTYPES = YES;
				CLANG_WARN_SUSPICIOUS_MOVE = YES;
				CLANG_WARN_UNGUARDED_AVAILABILITY = YES_AGGRESSIVE;
				CLANG_WARN_UNREACHABLE_CODE = YES;
				CLANG_WARN__DUPLICATE_METHOD_MATCH = YES;
				COPY_PHASE_STRIP = NO;
				DEBUG_INFORMATION_FORMAT = "dwarf-with-dsym";
				ENABLE_NS_ASSERTIONS = NO;
				ENABLE_STRICT_OBJC_MSGSEND = YES;
				GCC_C_LANGUAGE_STANDARD = gnu11;
				GCC_NO_COMMON_BLOCKS = YES;
				GCC_WARN_64_TO_32_BIT_CONVERSION = YES;
				GCC_WARN_ABOUT_RETURN_TYPE = YES_ERROR;
				GCC_WARN_UNDECLARED_SELECTOR = YES;
				GCC_WARN_UNINITIALIZED_AUTOS = YES_AGGRESSIVE;
				GCC_WARN_UNUSED_FUNCTION = YES;
				GCC_WARN_UNUSED_VARIABLE = YES;
				IPHONEOS_DEPLOYMENT_TARGET = 15.4;
				MTL_ENABLE_DEBUG_INFO = NO;
				MTL_FAST_MATH = YES;
				SDKROOT = iphoneos;
				SWIFT_COMPILATION_MODE = wholemodule;
				SWIFT_OPTIMIZATION_LEVEL = "-O";
				VALIDATE_PRODUCT = YES;
			};
			name = Release;
		};
		A932738C27F9C83E001B0EDB /* Debug */ = {
			isa = XCBuildConfiguration;
			baseConfigurationReference = 18DD749792004D6FE0CEA5C7 /* Pods-Wooaham.debug.xcconfig */;
			buildSettings = {
				ASSETCATALOG_COMPILER_APPICON_NAME = AppIcon;
				ASSETCATALOG_COMPILER_GLOBAL_ACCENT_COLOR_NAME = AccentColor;
				CODE_SIGN_STYLE = Automatic;
				CURRENT_PROJECT_VERSION = 1;
				GENERATE_INFOPLIST_FILE = YES;
				INFOPLIST_FILE = Wooaham/Info.plist;
				INFOPLIST_KEY_UIApplicationSupportsIndirectInputEvents = YES;
				INFOPLIST_KEY_UILaunchStoryboardName = LaunchScreen;
				INFOPLIST_KEY_UIMainStoryboardFile = Main;
				INFOPLIST_KEY_UISupportedInterfaceOrientations_iPad = "UIInterfaceOrientationPortrait UIInterfaceOrientationPortraitUpsideDown UIInterfaceOrientationLandscapeLeft UIInterfaceOrientationLandscapeRight";
				INFOPLIST_KEY_UISupportedInterfaceOrientations_iPhone = "UIInterfaceOrientationPortrait UIInterfaceOrientationLandscapeLeft UIInterfaceOrientationLandscapeRight";
				LD_RUNPATH_SEARCH_PATHS = (
					"$(inherited)",
					"@executable_path/Frameworks",
				);
				MARKETING_VERSION = 1.0;
				PRODUCT_BUNDLE_IDENTIFIER = com.0inn.Wooaham;
				PRODUCT_NAME = "$(TARGET_NAME)";
				SWIFT_EMIT_LOC_STRINGS = YES;
				SWIFT_VERSION = 5.0;
				TARGETED_DEVICE_FAMILY = "1,2";
			};
			name = Debug;
		};
		A932738D27F9C83E001B0EDB /* Release */ = {
			isa = XCBuildConfiguration;
			baseConfigurationReference = A8B07838C85B081BE23AEA45 /* Pods-Wooaham.release.xcconfig */;
			buildSettings = {
				ASSETCATALOG_COMPILER_APPICON_NAME = AppIcon;
				ASSETCATALOG_COMPILER_GLOBAL_ACCENT_COLOR_NAME = AccentColor;
				CODE_SIGN_STYLE = Automatic;
				CURRENT_PROJECT_VERSION = 1;
				GENERATE_INFOPLIST_FILE = YES;
				INFOPLIST_FILE = Wooaham/Info.plist;
				INFOPLIST_KEY_UIApplicationSupportsIndirectInputEvents = YES;
				INFOPLIST_KEY_UILaunchStoryboardName = LaunchScreen;
				INFOPLIST_KEY_UIMainStoryboardFile = Main;
				INFOPLIST_KEY_UISupportedInterfaceOrientations_iPad = "UIInterfaceOrientationPortrait UIInterfaceOrientationPortraitUpsideDown UIInterfaceOrientationLandscapeLeft UIInterfaceOrientationLandscapeRight";
				INFOPLIST_KEY_UISupportedInterfaceOrientations_iPhone = "UIInterfaceOrientationPortrait UIInterfaceOrientationLandscapeLeft UIInterfaceOrientationLandscapeRight";
				LD_RUNPATH_SEARCH_PATHS = (
					"$(inherited)",
					"@executable_path/Frameworks",
				);
				MARKETING_VERSION = 1.0;
				PRODUCT_BUNDLE_IDENTIFIER = com.0inn.Wooaham;
				PRODUCT_NAME = "$(TARGET_NAME)";
				SWIFT_EMIT_LOC_STRINGS = YES;
				SWIFT_VERSION = 5.0;
				TARGETED_DEVICE_FAMILY = "1,2";
			};
			name = Release;
		};
/* End XCBuildConfiguration section */

/* Begin XCConfigurationList section */
		A932737227F9C83D001B0EDB /* Build configuration list for PBXProject "Wooaham" */ = {
			isa = XCConfigurationList;
			buildConfigurations = (
				A932738927F9C83E001B0EDB /* Debug */,
				A932738A27F9C83E001B0EDB /* Release */,
			);
			defaultConfigurationIsVisible = 0;
			defaultConfigurationName = Release;
		};
		A932738B27F9C83E001B0EDB /* Build configuration list for PBXNativeTarget "Wooaham" */ = {
			isa = XCConfigurationList;
			buildConfigurations = (
				A932738C27F9C83E001B0EDB /* Debug */,
				A932738D27F9C83E001B0EDB /* Release */,
			);
			defaultConfigurationIsVisible = 0;
			defaultConfigurationName = Release;
		};
/* End XCConfigurationList section */
	};
	rootObject = A932736F27F9C83D001B0EDB /* Project object */;
}
