PODS:
  - Alamofire (5.6.1)
  - SnapKit (5.6.0)
  - SwipeCellKit (2.7.1)

DEPENDENCIES:
  - Alamofire
  - SnapKit
  - SwipeCellKit

SPEC REPOS:
  trunk:
    - Alamofire
    - SnapKit
    - SwipeCellKit

SPEC CHECKSUMS:
  Alamofire: 87bd8c952f9a4454320fce00d9cc3de57bcadaf5
  SnapKit: e01d52ebb8ddbc333eefe2132acf85c8227d9c25
  SwipeCellKit: 3972254a826da74609926daf59b08d6c72e619ea

PODFILE CHECKSUM: 66366519a0268c06e0cfc67cb780aaa48f7767d8

COCOAPODS: 1.11.3
